// !$*UTF8*$!
{
	archiveVersion = 1;
	classes = {
	};
	objectVersion = 51;
	objects = {

/* Begin PBXBuildFile section */
		97247377E5F51268C6A04431 /* Pods_GOKTest_GOKTestUITests.framework in Frameworks */ = {isa = PBXBuildFile; fileRef = 6CDE40A3FCA31AE70387E672 /* Pods_GOKTest_GOKTestUITests.framework */; };
		D4017E34335DDBA7217A856B /* Pods_GOKTest.framework in Frameworks */ = {isa = PBXBuildFile; fileRef = A59F01EF086D9386C71F7505 /* Pods_GOKTest.framework */; };
		D5711F8BE1B5D9BD2684CB23 /* Pods_GOKTestTests.framework in Frameworks */ = {isa = PBXBuildFile; fileRef = 870507AF06220D9F2ED6275B /* Pods_GOKTestTests.framework */; };
		FF1A94FD250024A300E8E680 /* UIView+Extension.swift in Sources */ = {isa = PBXBuildFile; fileRef = FF1A94FC250024A300E8E680 /* UIView+Extension.swift */; };
		FF1A950125006F1A00E8E680 /* MainViewController+Loading.swift in Sources */ = {isa = PBXBuildFile; fileRef = FF1A950025006F1A00E8E680 /* MainViewController+Loading.swift */; };
		FF3C8B0324FAF1E7007FCFCE /* ListCoordinator.swift in Sources */ = {isa = PBXBuildFile; fileRef = FF3C8B0224FAF1E7007FCFCE /* ListCoordinator.swift */; };
		FF3C8B0524FAF34E007FCFCE /* Service.swift in Sources */ = {isa = PBXBuildFile; fileRef = FF3C8B0424FAF34E007FCFCE /* Service.swift */; };
		FF4D0BAB24FC651B00C50B2D /* SpotlightCollectionViewCell.swift in Sources */ = {isa = PBXBuildFile; fileRef = FF4D0BA924FC651B00C50B2D /* SpotlightCollectionViewCell.swift */; };
		FF4D0BAC24FC651B00C50B2D /* SpotlightCollectionViewCell.xib in Resources */ = {isa = PBXBuildFile; fileRef = FF4D0BAA24FC651B00C50B2D /* SpotlightCollectionViewCell.xib */; };
		FFC5AF7724F99EE30087DC02 /* AppDelegate.swift in Sources */ = {isa = PBXBuildFile; fileRef = FFC5AF7624F99EE30087DC02 /* AppDelegate.swift */; };
		FFC5AF7924F99EE30087DC02 /* SceneDelegate.swift in Sources */ = {isa = PBXBuildFile; fileRef = FFC5AF7824F99EE30087DC02 /* SceneDelegate.swift */; };
		FFC5AF8324F99EE30087DC02 /* GOKTest.xcdatamodeld in Sources */ = {isa = PBXBuildFile; fileRef = FFC5AF8124F99EE30087DC02 /* GOKTest.xcdatamodeld */; };
		FFC5AF8524F99EE60087DC02 /* Assets.xcassets in Resources */ = {isa = PBXBuildFile; fileRef = FFC5AF8424F99EE60087DC02 /* Assets.xcassets */; };
		FFC5AF8824F99EE60087DC02 /* LaunchScreen.storyboard in Resources */ = {isa = PBXBuildFile; fileRef = FFC5AF8624F99EE60087DC02 /* LaunchScreen.storyboard */; };
		FFC5AF9324F99EE60087DC02 /* GOKTestTests.swift in Sources */ = {isa = PBXBuildFile; fileRef = FFC5AF9224F99EE60087DC02 /* GOKTestTests.swift */; };
		FFC5AF9E24F99EE70087DC02 /* GOKTestUITests.swift in Sources */ = {isa = PBXBuildFile; fileRef = FFC5AF9D24F99EE70087DC02 /* GOKTestUITests.swift */; };
		FFC5AFB324F99FA90087DC02 /* Spotlight.swift in Sources */ = {isa = PBXBuildFile; fileRef = FFC5AFB224F99FA90087DC02 /* Spotlight.swift */; };
		FFC5AFB524F9A0910087DC02 /* ModelBase.swift in Sources */ = {isa = PBXBuildFile; fileRef = FFC5AFB424F9A0910087DC02 /* ModelBase.swift */; };
		FFC5AFB724F9A09C0087DC02 /* Cash.swift in Sources */ = {isa = PBXBuildFile; fileRef = FFC5AFB624F9A09C0087DC02 /* Cash.swift */; };
		FFC5AFB924F9A0B10087DC02 /* Products.swift in Sources */ = {isa = PBXBuildFile; fileRef = FFC5AFB824F9A0B10087DC02 /* Products.swift */; };
		FFC5AFBB24F9A5F60087DC02 /* Coordinator.swift in Sources */ = {isa = PBXBuildFile; fileRef = FFC5AFBA24F9A5F60087DC02 /* Coordinator.swift */; };
		FFC5AFBE24FAE8050087DC02 /* MainViewController.swift in Sources */ = {isa = PBXBuildFile; fileRef = FFC5AFBC24FAE8050087DC02 /* MainViewController.swift */; };
		FFC5AFBF24FAE8050087DC02 /* MainViewController.xib in Resources */ = {isa = PBXBuildFile; fileRef = FFC5AFBD24FAE8050087DC02 /* MainViewController.xib */; };
		FFC5AFC124FAE9E50087DC02 /* ApplicationCoordinator.swift in Sources */ = {isa = PBXBuildFile; fileRef = FFC5AFC024FAE9E50087DC02 /* ApplicationCoordinator.swift */; };
		FFD8B8B624FB21EC0080D500 /* Constants.swift in Sources */ = {isa = PBXBuildFile; fileRef = FFD8B8B524FB21EC0080D500 /* Constants.swift */; };
		FFD8B8B824FB24B90080D500 /* MainViewModel.swift in Sources */ = {isa = PBXBuildFile; fileRef = FFD8B8B724FB24B90080D500 /* MainViewModel.swift */; };
		FFD8B8BB24FB337E0080D500 /* MainCollectionViewCell.swift in Sources */ = {isa = PBXBuildFile; fileRef = FFD8B8B924FB337E0080D500 /* MainCollectionViewCell.swift */; };
		FFD8B8BC24FB337E0080D500 /* MainCollectionViewCell.xib in Resources */ = {isa = PBXBuildFile; fileRef = FFD8B8BA24FB337E0080D500 /* MainCollectionViewCell.xib */; };
		FFED3DC324FDB71E002EE570 /* CashView.swift in Sources */ = {isa = PBXBuildFile; fileRef = FFED3DC224FDB71E002EE570 /* CashView.swift */; };
		FFED3DC524FDB79C002EE570 /* CashView.xib in Resources */ = {isa = PBXBuildFile; fileRef = FFED3DC424FDB79C002EE570 /* CashView.xib */; };
/* End PBXBuildFile section */

/* Begin PBXContainerItemProxy section */
		FFC5AF8F24F99EE60087DC02 /* PBXContainerItemProxy */ = {
			isa = PBXContainerItemProxy;
			containerPortal = FFC5AF6B24F99EE30087DC02 /* Project object */;
			proxyType = 1;
			remoteGlobalIDString = FFC5AF7224F99EE30087DC02;
			remoteInfo = GOKTest;
		};
		FFC5AF9A24F99EE70087DC02 /* PBXContainerItemProxy */ = {
			isa = PBXContainerItemProxy;
			containerPortal = FFC5AF6B24F99EE30087DC02 /* Project object */;
			proxyType = 1;
			remoteGlobalIDString = FFC5AF7224F99EE30087DC02;
			remoteInfo = GOKTest;
		};
/* End PBXContainerItemProxy section */

/* Begin PBXFileReference section */
		3402F0293963FBA20863484A /* Pods-GOKTest-GOKTestUITests.debug.xcconfig */ = {isa = PBXFileReference; includeInIndex = 1; lastKnownFileType = text.xcconfig; name = "Pods-GOKTest-GOKTestUITests.debug.xcconfig"; path = "Target Support Files/Pods-GOKTest-GOKTestUITests/Pods-GOKTest-GOKTestUITests.debug.xcconfig"; sourceTree = "<group>"; };
		6CDE40A3FCA31AE70387E672 /* Pods_GOKTest_GOKTestUITests.framework */ = {isa = PBXFileReference; explicitFileType = wrapper.framework; includeInIndex = 0; path = Pods_GOKTest_GOKTestUITests.framework; sourceTree = BUILT_PRODUCTS_DIR; };
		870507AF06220D9F2ED6275B /* Pods_GOKTestTests.framework */ = {isa = PBXFileReference; explicitFileType = wrapper.framework; includeInIndex = 0; path = Pods_GOKTestTests.framework; sourceTree = BUILT_PRODUCTS_DIR; };
		9100A2D5A4D6C85FE91989F3 /* Pods-GOKTestTests.debug.xcconfig */ = {isa = PBXFileReference; includeInIndex = 1; lastKnownFileType = text.xcconfig; name = "Pods-GOKTestTests.debug.xcconfig"; path = "Target Support Files/Pods-GOKTestTests/Pods-GOKTestTests.debug.xcconfig"; sourceTree = "<group>"; };
		A59F01EF086D9386C71F7505 /* Pods_GOKTest.framework */ = {isa = PBXFileReference; explicitFileType = wrapper.framework; includeInIndex = 0; path = Pods_GOKTest.framework; sourceTree = BUILT_PRODUCTS_DIR; };
		A5DDA1F644F1BD85B2D2D1C9 /* Pods-GOKTest-GOKTestUITests.release.xcconfig */ = {isa = PBXFileReference; includeInIndex = 1; lastKnownFileType = text.xcconfig; name = "Pods-GOKTest-GOKTestUITests.release.xcconfig"; path = "Target Support Files/Pods-GOKTest-GOKTestUITests/Pods-GOKTest-GOKTestUITests.release.xcconfig"; sourceTree = "<group>"; };
		CE5AF7A1B265AA5D533CE6C7 /* Pods-GOKTest.release.xcconfig */ = {isa = PBXFileReference; includeInIndex = 1; lastKnownFileType = text.xcconfig; name = "Pods-GOKTest.release.xcconfig"; path = "Target Support Files/Pods-GOKTest/Pods-GOKTest.release.xcconfig"; sourceTree = "<group>"; };
		E5FCB0451DAEE078505B911C /* Pods-GOKTest.debug.xcconfig */ = {isa = PBXFileReference; includeInIndex = 1; lastKnownFileType = text.xcconfig; name = "Pods-GOKTest.debug.xcconfig"; path = "Target Support Files/Pods-GOKTest/Pods-GOKTest.debug.xcconfig"; sourceTree = "<group>"; };
		E7083D74532BC6F15F8F39B8 /* Pods-GOKTestTests.release.xcconfig */ = {isa = PBXFileReference; includeInIndex = 1; lastKnownFileType = text.xcconfig; name = "Pods-GOKTestTests.release.xcconfig"; path = "Target Support Files/Pods-GOKTestTests/Pods-GOKTestTests.release.xcconfig"; sourceTree = "<group>"; };
		FF1A94FC250024A300E8E680 /* UIView+Extension.swift */ = {isa = PBXFileReference; lastKnownFileType = sourcecode.swift; path = "UIView+Extension.swift"; sourceTree = "<group>"; };
		FF1A950025006F1A00E8E680 /* MainViewController+Loading.swift */ = {isa = PBXFileReference; lastKnownFileType = sourcecode.swift; path = "MainViewController+Loading.swift"; sourceTree = "<group>"; };
		FF3C8B0224FAF1E7007FCFCE /* ListCoordinator.swift */ = {isa = PBXFileReference; lastKnownFileType = sourcecode.swift; path = ListCoordinator.swift; sourceTree = "<group>"; };
		FF3C8B0424FAF34E007FCFCE /* Service.swift */ = {isa = PBXFileReference; lastKnownFileType = sourcecode.swift; path = Service.swift; sourceTree = "<group>"; };
		FF4D0BA924FC651B00C50B2D /* SpotlightCollectionViewCell.swift */ = {isa = PBXFileReference; lastKnownFileType = sourcecode.swift; path = SpotlightCollectionViewCell.swift; sourceTree = "<group>"; };
		FF4D0BAA24FC651B00C50B2D /* SpotlightCollectionViewCell.xib */ = {isa = PBXFileReference; lastKnownFileType = file.xib; path = SpotlightCollectionViewCell.xib; sourceTree = "<group>"; };
		FFC5AF7324F99EE30087DC02 /* GOKTest.app */ = {isa = PBXFileReference; explicitFileType = wrapper.application; includeInIndex = 0; path = GOKTest.app; sourceTree = BUILT_PRODUCTS_DIR; };
		FFC5AF7624F99EE30087DC02 /* AppDelegate.swift */ = {isa = PBXFileReference; lastKnownFileType = sourcecode.swift; path = AppDelegate.swift; sourceTree = "<group>"; };
		FFC5AF7824F99EE30087DC02 /* SceneDelegate.swift */ = {isa = PBXFileReference; lastKnownFileType = sourcecode.swift; path = SceneDelegate.swift; sourceTree = "<group>"; };
		FFC5AF8224F99EE30087DC02 /* GOKTest.xcdatamodel */ = {isa = PBXFileReference; lastKnownFileType = wrapper.xcdatamodel; path = GOKTest.xcdatamodel; sourceTree = "<group>"; };
		FFC5AF8424F99EE60087DC02 /* Assets.xcassets */ = {isa = PBXFileReference; lastKnownFileType = folder.assetcatalog; path = Assets.xcassets; sourceTree = "<group>"; };
		FFC5AF8724F99EE60087DC02 /* Base */ = {isa = PBXFileReference; lastKnownFileType = file.storyboard; name = Base; path = Base.lproj/LaunchScreen.storyboard; sourceTree = "<group>"; };
		FFC5AF8924F99EE60087DC02 /* Info.plist */ = {isa = PBXFileReference; lastKnownFileType = text.plist.xml; path = Info.plist; sourceTree = "<group>"; };
		FFC5AF8E24F99EE60087DC02 /* GOKTestTests.xctest */ = {isa = PBXFileReference; explicitFileType = wrapper.cfbundle; includeInIndex = 0; path = GOKTestTests.xctest; sourceTree = BUILT_PRODUCTS_DIR; };
		FFC5AF9224F99EE60087DC02 /* GOKTestTests.swift */ = {isa = PBXFileReference; lastKnownFileType = sourcecode.swift; path = GOKTestTests.swift; sourceTree = "<group>"; };
		FFC5AF9424F99EE60087DC02 /* Info.plist */ = {isa = PBXFileReference; lastKnownFileType = text.plist.xml; path = Info.plist; sourceTree = "<group>"; };
		FFC5AF9924F99EE70087DC02 /* GOKTestUITests.xctest */ = {isa = PBXFileReference; explicitFileType = wrapper.cfbundle; includeInIndex = 0; path = GOKTestUITests.xctest; sourceTree = BUILT_PRODUCTS_DIR; };
		FFC5AF9D24F99EE70087DC02 /* GOKTestUITests.swift */ = {isa = PBXFileReference; lastKnownFileType = sourcecode.swift; path = GOKTestUITests.swift; sourceTree = "<group>"; };
		FFC5AF9F24F99EE70087DC02 /* Info.plist */ = {isa = PBXFileReference; lastKnownFileType = text.plist.xml; path = Info.plist; sourceTree = "<group>"; };
		FFC5AFB224F99FA90087DC02 /* Spotlight.swift */ = {isa = PBXFileReference; lastKnownFileType = sourcecode.swift; path = Spotlight.swift; sourceTree = "<group>"; };
		FFC5AFB424F9A0910087DC02 /* ModelBase.swift */ = {isa = PBXFileReference; lastKnownFileType = sourcecode.swift; path = ModelBase.swift; sourceTree = "<group>"; };
		FFC5AFB624F9A09C0087DC02 /* Cash.swift */ = {isa = PBXFileReference; lastKnownFileType = sourcecode.swift; path = Cash.swift; sourceTree = "<group>"; };
		FFC5AFB824F9A0B10087DC02 /* Products.swift */ = {isa = PBXFileReference; lastKnownFileType = sourcecode.swift; path = Products.swift; sourceTree = "<group>"; };
		FFC5AFBA24F9A5F60087DC02 /* Coordinator.swift */ = {isa = PBXFileReference; lastKnownFileType = sourcecode.swift; path = Coordinator.swift; sourceTree = "<group>"; };
		FFC5AFBC24FAE8050087DC02 /* MainViewController.swift */ = {isa = PBXFileReference; lastKnownFileType = sourcecode.swift; path = MainViewController.swift; sourceTree = "<group>"; };
		FFC5AFBD24FAE8050087DC02 /* MainViewController.xib */ = {isa = PBXFileReference; lastKnownFileType = file.xib; path = MainViewController.xib; sourceTree = "<group>"; };
		FFC5AFC024FAE9E50087DC02 /* ApplicationCoordinator.swift */ = {isa = PBXFileReference; lastKnownFileType = sourcecode.swift; path = ApplicationCoordinator.swift; sourceTree = "<group>"; };
		FFD8B8B524FB21EC0080D500 /* Constants.swift */ = {isa = PBXFileReference; lastKnownFileType = sourcecode.swift; path = Constants.swift; sourceTree = "<group>"; };
		FFD8B8B724FB24B90080D500 /* MainViewModel.swift */ = {isa = PBXFileReference; lastKnownFileType = sourcecode.swift; path = MainViewModel.swift; sourceTree = "<group>"; };
		FFD8B8B924FB337E0080D500 /* MainCollectionViewCell.swift */ = {isa = PBXFileReference; lastKnownFileType = sourcecode.swift; path = MainCollectionViewCell.swift; sourceTree = "<group>"; };
		FFD8B8BA24FB337E0080D500 /* MainCollectionViewCell.xib */ = {isa = PBXFileReference; lastKnownFileType = file.xib; path = MainCollectionViewCell.xib; sourceTree = "<group>"; };
		FFED3DC224FDB71E002EE570 /* CashView.swift */ = {isa = PBXFileReference; lastKnownFileType = sourcecode.swift; path = CashView.swift; sourceTree = "<group>"; };
		FFED3DC424FDB79C002EE570 /* CashView.xib */ = {isa = PBXFileReference; lastKnownFileType = file.xib; path = CashView.xib; sourceTree = "<group>"; };
/* End PBXFileReference section */

/* Begin PBXFrameworksBuildPhase section */
		FFC5AF7024F99EE30087DC02 /* Frameworks */ = {
			isa = PBXFrameworksBuildPhase;
			buildActionMask = 2147483647;
			files = (
				D4017E34335DDBA7217A856B /* Pods_GOKTest.framework in Frameworks */,
			);
			runOnlyForDeploymentPostprocessing = 0;
		};
		FFC5AF8B24F99EE60087DC02 /* Frameworks */ = {
			isa = PBXFrameworksBuildPhase;
			buildActionMask = 2147483647;
			files = (
				D5711F8BE1B5D9BD2684CB23 /* Pods_GOKTestTests.framework in Frameworks */,
			);
			runOnlyForDeploymentPostprocessing = 0;
		};
		FFC5AF9624F99EE70087DC02 /* Frameworks */ = {
			isa = PBXFrameworksBuildPhase;
			buildActionMask = 2147483647;
			files = (
				97247377E5F51268C6A04431 /* Pods_GOKTest_GOKTestUITests.framework in Frameworks */,
			);
			runOnlyForDeploymentPostprocessing = 0;
		};
/* End PBXFrameworksBuildPhase section */

/* Begin PBXGroup section */
		46E6C9387DDD77759F259518 /* Frameworks */ = {
			isa = PBXGroup;
			children = (
				A59F01EF086D9386C71F7505 /* Pods_GOKTest.framework */,
				6CDE40A3FCA31AE70387E672 /* Pods_GOKTest_GOKTestUITests.framework */,
				870507AF06220D9F2ED6275B /* Pods_GOKTestTests.framework */,
			);
			name = Frameworks;
			sourceTree = "<group>";
		};
		487032C53C8C8D3A71943075 /* Pods */ = {
			isa = PBXGroup;
			children = (
				E5FCB0451DAEE078505B911C /* Pods-GOKTest.debug.xcconfig */,
				CE5AF7A1B265AA5D533CE6C7 /* Pods-GOKTest.release.xcconfig */,
				3402F0293963FBA20863484A /* Pods-GOKTest-GOKTestUITests.debug.xcconfig */,
				A5DDA1F644F1BD85B2D2D1C9 /* Pods-GOKTest-GOKTestUITests.release.xcconfig */,
				9100A2D5A4D6C85FE91989F3 /* Pods-GOKTestTests.debug.xcconfig */,
				E7083D74532BC6F15F8F39B8 /* Pods-GOKTestTests.release.xcconfig */,
			);
			path = Pods;
			sourceTree = "<group>";
		};
		FF1A94FB2500246D00E8E680 /* Extensions */ = {
			isa = PBXGroup;
			children = (
				FF1A94FC250024A300E8E680 /* UIView+Extension.swift */,
				FF1A950025006F1A00E8E680 /* MainViewController+Loading.swift */,
			);
			path = Extensions;
			sourceTree = "<group>";
		};
		FFC5AF6A24F99EE30087DC02 = {
			isa = PBXGroup;
			children = (
				FFC5AF7524F99EE30087DC02 /* GOKTest */,
				FFC5AF9124F99EE60087DC02 /* GOKTestTests */,
				FFC5AF9C24F99EE70087DC02 /* GOKTestUITests */,
				FFC5AF7424F99EE30087DC02 /* Products */,
				487032C53C8C8D3A71943075 /* Pods */,
				46E6C9387DDD77759F259518 /* Frameworks */,
			);
			sourceTree = "<group>";
		};
		FFC5AF7424F99EE30087DC02 /* Products */ = {
			isa = PBXGroup;
			children = (
				FFC5AF7324F99EE30087DC02 /* GOKTest.app */,
				FFC5AF8E24F99EE60087DC02 /* GOKTestTests.xctest */,
				FFC5AF9924F99EE70087DC02 /* GOKTestUITests.xctest */,
			);
			name = Products;
			sourceTree = "<group>";
		};
		FFC5AF7524F99EE30087DC02 /* GOKTest */ = {
			isa = PBXGroup;
			children = (
				FF1A94FB2500246D00E8E680 /* Extensions */,
				FFD8B8B424FB21DA0080D500 /* Utils */,
				FFC5AFAC24F99F230087DC02 /* Models */,
				FFC5AFAB24F99F1D0087DC02 /* Views */,
				FFC5AFAE24F99F300087DC02 /* ViewModels */,
				FFC5AFAD24F99F290087DC02 /* Controllers */,
				FFC5AFB024F99F490087DC02 /* Coordinators */,
				FFC5AFAF24F99F410087DC02 /* Service */,
				FFC5AFB124F99F6F0087DC02 /* Root */,
				FFC5AF8424F99EE60087DC02 /* Assets.xcassets */,
			);
			path = GOKTest;
			sourceTree = "<group>";
		};
		FFC5AF9124F99EE60087DC02 /* GOKTestTests */ = {
			isa = PBXGroup;
			children = (
				FFC5AF9224F99EE60087DC02 /* GOKTestTests.swift */,
				FFC5AF9424F99EE60087DC02 /* Info.plist */,
			);
			path = GOKTestTests;
			sourceTree = "<group>";
		};
		FFC5AF9C24F99EE70087DC02 /* GOKTestUITests */ = {
			isa = PBXGroup;
			children = (
				FFC5AF9D24F99EE70087DC02 /* GOKTestUITests.swift */,
				FFC5AF9F24F99EE70087DC02 /* Info.plist */,
			);
			path = GOKTestUITests;
			sourceTree = "<group>";
		};
		FFC5AFAB24F99F1D0087DC02 /* Views */ = {
			isa = PBXGroup;
			children = (
				FFC5AFBD24FAE8050087DC02 /* MainViewController.xib */,
				FFED3DC224FDB71E002EE570 /* CashView.swift */,
				FFED3DC424FDB79C002EE570 /* CashView.xib */,
				FF4D0BA924FC651B00C50B2D /* SpotlightCollectionViewCell.swift */,
				FF4D0BAA24FC651B00C50B2D /* SpotlightCollectionViewCell.xib */,
				FFD8B8B924FB337E0080D500 /* MainCollectionViewCell.swift */,
				FFD8B8BA24FB337E0080D500 /* MainCollectionViewCell.xib */,
				FFC5AF8624F99EE60087DC02 /* LaunchScreen.storyboard */,
			);
			path = Views;
			sourceTree = "<group>";
		};
		FFC5AFAC24F99F230087DC02 /* Models */ = {
			isa = PBXGroup;
			children = (
				FFC5AFB224F99FA90087DC02 /* Spotlight.swift */,
				FFC5AFB424F9A0910087DC02 /* ModelBase.swift */,
				FFC5AFB624F9A09C0087DC02 /* Cash.swift */,
				FFC5AFB824F9A0B10087DC02 /* Products.swift */,
			);
			path = Models;
			sourceTree = "<group>";
		};
		FFC5AFAD24F99F290087DC02 /* Controllers */ = {
			isa = PBXGroup;
			children = (
				FFC5AFBC24FAE8050087DC02 /* MainViewController.swift */,
			);
			path = Controllers;
			sourceTree = "<group>";
		};
		FFC5AFAE24F99F300087DC02 /* ViewModels */ = {
			isa = PBXGroup;
			children = (
				FFD8B8B724FB24B90080D500 /* MainViewModel.swift */,
			);
			path = ViewModels;
			sourceTree = "<group>";
		};
		FFC5AFAF24F99F410087DC02 /* Service */ = {
			isa = PBXGroup;
			children = (
				FF3C8B0424FAF34E007FCFCE /* Service.swift */,
			);
			path = Service;
			sourceTree = "<group>";
		};
		FFC5AFB024F99F490087DC02 /* Coordinators */ = {
			isa = PBXGroup;
			children = (
				FFC5AFBA24F9A5F60087DC02 /* Coordinator.swift */,
				FFC5AFC024FAE9E50087DC02 /* ApplicationCoordinator.swift */,
				FF3C8B0224FAF1E7007FCFCE /* ListCoordinator.swift */,
			);
			path = Coordinators;
			sourceTree = "<group>";
		};
		FFC5AFB124F99F6F0087DC02 /* Root */ = {
			isa = PBXGroup;
			children = (
				FFC5AF7624F99EE30087DC02 /* AppDelegate.swift */,
				FFC5AF7824F99EE30087DC02 /* SceneDelegate.swift */,
				FFC5AF8924F99EE60087DC02 /* Info.plist */,
				FFC5AF8124F99EE30087DC02 /* GOKTest.xcdatamodeld */,
			);
			path = Root;
			sourceTree = "<group>";
		};
		FFD8B8B424FB21DA0080D500 /* Utils */ = {
			isa = PBXGroup;
			children = (
				FFD8B8B524FB21EC0080D500 /* Constants.swift */,
			);
			path = Utils;
			sourceTree = "<group>";
		};
/* End PBXGroup section */

/* Begin PBXNativeTarget section */
		FFC5AF7224F99EE30087DC02 /* GOKTest */ = {
			isa = PBXNativeTarget;
			buildConfigurationList = FFC5AFA224F99EE70087DC02 /* Build configuration list for PBXNativeTarget "GOKTest" */;
			buildPhases = (
				E7F133C561AEE7185E83557F /* [CP] Check Pods Manifest.lock */,
				FFC5AF6F24F99EE30087DC02 /* Sources */,
				FFC5AF7024F99EE30087DC02 /* Frameworks */,
				FFC5AF7124F99EE30087DC02 /* Resources */,
				255A372DD5B72405DC002128 /* [CP] Embed Pods Frameworks */,
			);
			buildRules = (
			);
			dependencies = (
			);
			name = GOKTest;
			productName = GOKTest;
			productReference = FFC5AF7324F99EE30087DC02 /* GOKTest.app */;
			productType = "com.apple.product-type.application";
		};
		FFC5AF8D24F99EE60087DC02 /* GOKTestTests */ = {
			isa = PBXNativeTarget;
			buildConfigurationList = FFC5AFA524F99EE70087DC02 /* Build configuration list for PBXNativeTarget "GOKTestTests" */;
			buildPhases = (
				0D388E8F63013BB3B6C6681B /* [CP] Check Pods Manifest.lock */,
				FFC5AF8A24F99EE60087DC02 /* Sources */,
				FFC5AF8B24F99EE60087DC02 /* Frameworks */,
				FFC5AF8C24F99EE60087DC02 /* Resources */,
			);
			buildRules = (
			);
			dependencies = (
				FFC5AF9024F99EE60087DC02 /* PBXTargetDependency */,
			);
			name = GOKTestTests;
			productName = GOKTestTests;
			productReference = FFC5AF8E24F99EE60087DC02 /* GOKTestTests.xctest */;
			productType = "com.apple.product-type.bundle.unit-test";
		};
		FFC5AF9824F99EE70087DC02 /* GOKTestUITests */ = {
			isa = PBXNativeTarget;
			buildConfigurationList = FFC5AFA824F99EE70087DC02 /* Build configuration list for PBXNativeTarget "GOKTestUITests" */;
			buildPhases = (
				8D72A95C64AC5C4255D54F27 /* [CP] Check Pods Manifest.lock */,
				FFC5AF9524F99EE70087DC02 /* Sources */,
				FFC5AF9624F99EE70087DC02 /* Frameworks */,
				FFC5AF9724F99EE70087DC02 /* Resources */,
				07E5E00CCC909B71E2E76FD9 /* [CP] Embed Pods Frameworks */,
			);
			buildRules = (
			);
			dependencies = (
				FFC5AF9B24F99EE70087DC02 /* PBXTargetDependency */,
			);
			name = GOKTestUITests;
			productName = GOKTestUITests;
			productReference = FFC5AF9924F99EE70087DC02 /* GOKTestUITests.xctest */;
			productType = "com.apple.product-type.bundle.ui-testing";
		};
/* End PBXNativeTarget section */

/* Begin PBXProject section */
		FFC5AF6B24F99EE30087DC02 /* Project object */ = {
			isa = PBXProject;
			attributes = {
				LastSwiftUpdateCheck = 1200;
				LastUpgradeCheck = 1200;
				TargetAttributes = {
					FFC5AF7224F99EE30087DC02 = {
						CreatedOnToolsVersion = 12.0;
					};
					FFC5AF8D24F99EE60087DC02 = {
						CreatedOnToolsVersion = 12.0;
						TestTargetID = FFC5AF7224F99EE30087DC02;
					};
					FFC5AF9824F99EE70087DC02 = {
						CreatedOnToolsVersion = 12.0;
						TestTargetID = FFC5AF7224F99EE30087DC02;
					};
				};
			};
			buildConfigurationList = FFC5AF6E24F99EE30087DC02 /* Build configuration list for PBXProject "GOKTest" */;
			compatibilityVersion = "Xcode 9.3";
			developmentRegion = en;
			hasScannedForEncodings = 0;
			knownRegions = (
				en,
				Base,
			);
			mainGroup = FFC5AF6A24F99EE30087DC02;
			productRefGroup = FFC5AF7424F99EE30087DC02 /* Products */;
			projectDirPath = "";
			projectRoot = "";
			targets = (
				FFC5AF7224F99EE30087DC02 /* GOKTest */,
				FFC5AF8D24F99EE60087DC02 /* GOKTestTests */,
				FFC5AF9824F99EE70087DC02 /* GOKTestUITests */,
			);
		};
/* End PBXProject section */

/* Begin PBXResourcesBuildPhase section */
		FFC5AF7124F99EE30087DC02 /* Resources */ = {
			isa = PBXResourcesBuildPhase;
			buildActionMask = 2147483647;
			files = (
				FFC5AF8824F99EE60087DC02 /* LaunchScreen.storyboard in Resources */,
				FFC5AF8524F99EE60087DC02 /* Assets.xcassets in Resources */,
				FF4D0BAC24FC651B00C50B2D /* SpotlightCollectionViewCell.xib in Resources */,
				FFC5AFBF24FAE8050087DC02 /* MainViewController.xib in Resources */,
				FFD8B8BC24FB337E0080D500 /* MainCollectionViewCell.xib in Resources */,
				FFED3DC524FDB79C002EE570 /* CashView.xib in Resources */,
			);
			runOnlyForDeploymentPostprocessing = 0;
		};
		FFC5AF8C24F99EE60087DC02 /* Resources */ = {
			isa = PBXResourcesBuildPhase;
			buildActionMask = 2147483647;
			files = (
			);
			runOnlyForDeploymentPostprocessing = 0;
		};
		FFC5AF9724F99EE70087DC02 /* Resources */ = {
			isa = PBXResourcesBuildPhase;
			buildActionMask = 2147483647;
			files = (
			);
			runOnlyForDeploymentPostprocessing = 0;
		};
/* End PBXResourcesBuildPhase section */

/* Begin PBXShellScriptBuildPhase section */
		07E5E00CCC909B71E2E76FD9 /* [CP] Embed Pods Frameworks */ = {
			isa = PBXShellScriptBuildPhase;
			buildActionMask = 2147483647;
			files = (
			);
			inputFileListPaths = (
				"${PODS_ROOT}/Target Support Files/Pods-GOKTest-GOKTestUITests/Pods-GOKTest-GOKTestUITests-frameworks-${CONFIGURATION}-input-files.xcfilelist",
			);
			name = "[CP] Embed Pods Frameworks";
			outputFileListPaths = (
				"${PODS_ROOT}/Target Support Files/Pods-GOKTest-GOKTestUITests/Pods-GOKTest-GOKTestUITests-frameworks-${CONFIGURATION}-output-files.xcfilelist",
			);
			runOnlyForDeploymentPostprocessing = 0;
			shellPath = /bin/sh;
			shellScript = "\"${PODS_ROOT}/Target Support Files/Pods-GOKTest-GOKTestUITests/Pods-GOKTest-GOKTestUITests-frameworks.sh\"\n";
			showEnvVarsInLog = 0;
		};
		0D388E8F63013BB3B6C6681B /* [CP] Check Pods Manifest.lock */ = {
			isa = PBXShellScriptBuildPhase;
			buildActionMask = 2147483647;
			files = (
			);
			inputFileListPaths = (
			);
			inputPaths = (
				"${PODS_PODFILE_DIR_PATH}/Podfile.lock",
				"${PODS_ROOT}/Manifest.lock",
			);
			name = "[CP] Check Pods Manifest.lock";
			outputFileListPaths = (
			);
			outputPaths = (
				"$(DERIVED_FILE_DIR)/Pods-GOKTestTests-checkManifestLockResult.txt",
			);
			runOnlyForDeploymentPostprocessing = 0;
			shellPath = /bin/sh;
			shellScript = "diff \"${PODS_PODFILE_DIR_PATH}/Podfile.lock\" \"${PODS_ROOT}/Manifest.lock\" > /dev/null\nif [ $? != 0 ] ; then\n    # print error to STDERR\n    echo \"error: The sandbox is not in sync with the Podfile.lock. Run 'pod install' or update your CocoaPods installation.\" >&2\n    exit 1\nfi\n# This output is used by Xcode 'outputs' to avoid re-running this script phase.\necho \"SUCCESS\" > \"${SCRIPT_OUTPUT_FILE_0}\"\n";
			showEnvVarsInLog = 0;
		};
		255A372DD5B72405DC002128 /* [CP] Embed Pods Frameworks */ = {
			isa = PBXShellScriptBuildPhase;
			buildActionMask = 2147483647;
			files = (
			);
			inputFileListPaths = (
				"${PODS_ROOT}/Target Support Files/Pods-GOKTest/Pods-GOKTest-frameworks-${CONFIGURATION}-input-files.xcfilelist",
			);
			name = "[CP] Embed Pods Frameworks";
			outputFileListPaths = (
				"${PODS_ROOT}/Target Support Files/Pods-GOKTest/Pods-GOKTest-frameworks-${CONFIGURATION}-output-files.xcfilelist",
			);
			runOnlyForDeploymentPostprocessing = 0;
			shellPath = /bin/sh;
			shellScript = "\"${PODS_ROOT}/Target Support Files/Pods-GOKTest/Pods-GOKTest-frameworks.sh\"\n";
			showEnvVarsInLog = 0;
		};
		8D72A95C64AC5C4255D54F27 /* [CP] Check Pods Manifest.lock */ = {
			isa = PBXShellScriptBuildPhase;
			buildActionMask = 2147483647;
			files = (
			);
			inputFileListPaths = (
			);
			inputPaths = (
				"${PODS_PODFILE_DIR_PATH}/Podfile.lock",
				"${PODS_ROOT}/Manifest.lock",
			);
			name = "[CP] Check Pods Manifest.lock";
			outputFileListPaths = (
			);
			outputPaths = (
				"$(DERIVED_FILE_DIR)/Pods-GOKTest-GOKTestUITests-checkManifestLockResult.txt",
			);
			runOnlyForDeploymentPostprocessing = 0;
			shellPath = /bin/sh;
			shellScript = "diff \"${PODS_PODFILE_DIR_PATH}/Podfile.lock\" \"${PODS_ROOT}/Manifest.lock\" > /dev/null\nif [ $? != 0 ] ; then\n    # print error to STDERR\n    echo \"error: The sandbox is not in sync with the Podfile.lock. Run 'pod install' or update your CocoaPods installation.\" >&2\n    exit 1\nfi\n# This output is used by Xcode 'outputs' to avoid re-running this script phase.\necho \"SUCCESS\" > \"${SCRIPT_OUTPUT_FILE_0}\"\n";
			showEnvVarsInLog = 0;
		};
		E7F133C561AEE7185E83557F /* [CP] Check Pods Manifest.lock */ = {
			isa = PBXShellScriptBuildPhase;
			buildActionMask = 2147483647;
			files = (
			);
			inputFileListPaths = (
			);
			inputPaths = (
				"${PODS_PODFILE_DIR_PATH}/Podfile.lock",
				"${PODS_ROOT}/Manifest.lock",
			);
			name = "[CP] Check Pods Manifest.lock";
			outputFileListPaths = (
			);
			outputPaths = (
				"$(DERIVED_FILE_DIR)/Pods-GOKTest-checkManifestLockResult.txt",
			);
			runOnlyForDeploymentPostprocessing = 0;
			shellPath = /bin/sh;
			shellScript = "diff \"${PODS_PODFILE_DIR_PATH}/Podfile.lock\" \"${PODS_ROOT}/Manifest.lock\" > /dev/null\nif [ $? != 0 ] ; then\n    # print error to STDERR\n    echo \"error: The sandbox is not in sync with the Podfile.lock. Run 'pod install' or update your CocoaPods installation.\" >&2\n    exit 1\nfi\n# This output is used by Xcode 'outputs' to avoid re-running this script phase.\necho \"SUCCESS\" > \"${SCRIPT_OUTPUT_FILE_0}\"\n";
			showEnvVarsInLog = 0;
		};
/* End PBXShellScriptBuildPhase section */

/* Begin PBXSourcesBuildPhase section */
		FFC5AF6F24F99EE30087DC02 /* Sources */ = {
			isa = PBXSourcesBuildPhase;
			buildActionMask = 2147483647;
			files = (
				FF3C8B0524FAF34E007FCFCE /* Service.swift in Sources */,
				FFC5AFB324F99FA90087DC02 /* Spotlight.swift in Sources */,
				FFC5AF8324F99EE30087DC02 /* GOKTest.xcdatamodeld in Sources */,
				FFC5AFB724F9A09C0087DC02 /* Cash.swift in Sources */,
				FFC5AF7724F99EE30087DC02 /* AppDelegate.swift in Sources */,
				FFD8B8B824FB24B90080D500 /* MainViewModel.swift in Sources */,
				FFC5AFB924F9A0B10087DC02 /* Products.swift in Sources */,
				FFD8B8BB24FB337E0080D500 /* MainCollectionViewCell.swift in Sources */,
				FFED3DC324FDB71E002EE570 /* CashView.swift in Sources */,
				FF1A950125006F1A00E8E680 /* MainViewController+Loading.swift in Sources */,
				FFC5AFB524F9A0910087DC02 /* ModelBase.swift in Sources */,
				FFC5AF7924F99EE30087DC02 /* SceneDelegate.swift in Sources */,
				FF3C8B0324FAF1E7007FCFCE /* ListCoordinator.swift in Sources */,
				FF1A94FD250024A300E8E680 /* UIView+Extension.swift in Sources */,
				FFC5AFBB24F9A5F60087DC02 /* Coordinator.swift in Sources */,
				FFD8B8B624FB21EC0080D500 /* Constants.swift in Sources */,
				FF4D0BAB24FC651B00C50B2D /* SpotlightCollectionViewCell.swift in Sources */,
				FFC5AFBE24FAE8050087DC02 /* MainViewController.swift in Sources */,
				FFC5AFC124FAE9E50087DC02 /* ApplicationCoordinator.swift in Sources */,
			);
			runOnlyForDeploymentPostprocessing = 0;
		};
		FFC5AF8A24F99EE60087DC02 /* Sources */ = {
			isa = PBXSourcesBuildPhase;
			buildActionMask = 2147483647;
			files = (
				FFC5AF9324F99EE60087DC02 /* GOKTestTests.swift in Sources */,
			);
			runOnlyForDeploymentPostprocessing = 0;
		};
		FFC5AF9524F99EE70087DC02 /* Sources */ = {
			isa = PBXSourcesBuildPhase;
			buildActionMask = 2147483647;
			files = (
				FFC5AF9E24F99EE70087DC02 /* GOKTestUITests.swift in Sources */,
			);
			runOnlyForDeploymentPostprocessing = 0;
		};
/* End PBXSourcesBuildPhase section */

/* Begin PBXTargetDependency section */
		FFC5AF9024F99EE60087DC02 /* PBXTargetDependency */ = {
			isa = PBXTargetDependency;
			target = FFC5AF7224F99EE30087DC02 /* GOKTest */;
			targetProxy = FFC5AF8F24F99EE60087DC02 /* PBXContainerItemProxy */;
		};
		FFC5AF9B24F99EE70087DC02 /* PBXTargetDependency */ = {
			isa = PBXTargetDependency;
			target = FFC5AF7224F99EE30087DC02 /* GOKTest */;
			targetProxy = FFC5AF9A24F99EE70087DC02 /* PBXContainerItemProxy */;
		};
/* End PBXTargetDependency section */

/* Begin PBXVariantGroup section */
		FFC5AF8624F99EE60087DC02 /* LaunchScreen.storyboard */ = {
			isa = PBXVariantGroup;
			children = (
				FFC5AF8724F99EE60087DC02 /* Base */,
			);
			name = LaunchScreen.storyboard;
			sourceTree = "<group>";
		};
/* End PBXVariantGroup section */

/* Begin XCBuildConfiguration section */
		FFC5AFA024F99EE70087DC02 /* Debug */ = {
			isa = XCBuildConfiguration;
			buildSettings = {
				ALWAYS_SEARCH_USER_PATHS = NO;
				CLANG_ANALYZER_NONNULL = YES;
				CLANG_ANALYZER_NUMBER_OBJECT_CONVERSION = YES_AGGRESSIVE;
				CLANG_CXX_LANGUAGE_STANDARD = "gnu++14";
				CLANG_CXX_LIBRARY = "libc++";
				CLANG_ENABLE_MODULES = YES;
				CLANG_ENABLE_OBJC_ARC = YES;
				CLANG_ENABLE_OBJC_WEAK = YES;
				CLANG_WARN_BLOCK_CAPTURE_AUTORELEASING = YES;
				CLANG_WARN_BOOL_CONVERSION = YES;
				CLANG_WARN_COMMA = YES;
				CLANG_WARN_CONSTANT_CONVERSION = YES;
				CLANG_WARN_DEPRECATED_OBJC_IMPLEMENTATIONS = YES;
				CLANG_WARN_DIRECT_OBJC_ISA_USAGE = YES_ERROR;
				CLANG_WARN_DOCUMENTATION_COMMENTS = YES;
				CLANG_WARN_EMPTY_BODY = YES;
				CLANG_WARN_ENUM_CONVERSION = YES;
				CLANG_WARN_INFINITE_RECURSION = YES;
				CLANG_WARN_INT_CONVERSION = YES;
				CLANG_WARN_NON_LITERAL_NULL_CONVERSION = YES;
				CLANG_WARN_OBJC_IMPLICIT_RETAIN_SELF = YES;
				CLANG_WARN_OBJC_LITERAL_CONVERSION = YES;
				CLANG_WARN_OBJC_ROOT_CLASS = YES_ERROR;
				CLANG_WARN_QUOTED_INCLUDE_IN_FRAMEWORK_HEADER = YES;
				CLANG_WARN_RANGE_LOOP_ANALYSIS = YES;
				CLANG_WARN_STRICT_PROTOTYPES = YES;
				CLANG_WARN_SUSPICIOUS_MOVE = YES;
				CLANG_WARN_UNGUARDED_AVAILABILITY = YES_AGGRESSIVE;
				CLANG_WARN_UNREACHABLE_CODE = YES;
				CLANG_WARN__DUPLICATE_METHOD_MATCH = YES;
				COPY_PHASE_STRIP = NO;
				DEBUG_INFORMATION_FORMAT = dwarf;
				ENABLE_STRICT_OBJC_MSGSEND = YES;
				ENABLE_TESTABILITY = YES;
				GCC_C_LANGUAGE_STANDARD = gnu11;
				GCC_DYNAMIC_NO_PIC = NO;
				GCC_NO_COMMON_BLOCKS = YES;
				GCC_OPTIMIZATION_LEVEL = 0;
				GCC_PREPROCESSOR_DEFINITIONS = (
					"DEBUG=1",
					"$(inherited)",
				);
				GCC_WARN_64_TO_32_BIT_CONVERSION = YES;
				GCC_WARN_ABOUT_RETURN_TYPE = YES_ERROR;
				GCC_WARN_UNDECLARED_SELECTOR = YES;
				GCC_WARN_UNINITIALIZED_AUTOS = YES_AGGRESSIVE;
				GCC_WARN_UNUSED_FUNCTION = YES;
				GCC_WARN_UNUSED_VARIABLE = YES;
				IPHONEOS_DEPLOYMENT_TARGET = 14.0;
				MTL_ENABLE_DEBUG_INFO = INCLUDE_SOURCE;
				MTL_FAST_MATH = YES;
				ONLY_ACTIVE_ARCH = YES;
				SDKROOT = iphoneos;
				SWIFT_ACTIVE_COMPILATION_CONDITIONS = DEBUG;
				SWIFT_OPTIMIZATION_LEVEL = "-Onone";
			};
			name = Debug;
		};
		FFC5AFA124F99EE70087DC02 /* Release */ = {
			isa = XCBuildConfiguration;
			buildSettings = {
				ALWAYS_SEARCH_USER_PATHS = NO;
				CLANG_ANALYZER_NONNULL = YES;
				CLANG_ANALYZER_NUMBER_OBJECT_CONVERSION = YES_AGGRESSIVE;
				CLANG_CXX_LANGUAGE_STANDARD = "gnu++14";
				CLANG_CXX_LIBRARY = "libc++";
				CLANG_ENABLE_MODULES = YES;
				CLANG_ENABLE_OBJC_ARC = YES;
				CLANG_ENABLE_OBJC_WEAK = YES;
				CLANG_WARN_BLOCK_CAPTURE_AUTORELEASING = YES;
				CLANG_WARN_BOOL_CONVERSION = YES;
				CLANG_WARN_COMMA = YES;
				CLANG_WARN_CONSTANT_CONVERSION = YES;
				CLANG_WARN_DEPRECATED_OBJC_IMPLEMENTATIONS = YES;
				CLANG_WARN_DIRECT_OBJC_ISA_USAGE = YES_ERROR;
				CLANG_WARN_DOCUMENTATION_COMMENTS = YES;
				CLANG_WARN_EMPTY_BODY = YES;
				CLANG_WARN_ENUM_CONVERSION = YES;
				CLANG_WARN_INFINITE_RECURSION = YES;
				CLANG_WARN_INT_CONVERSION = YES;
				CLANG_WARN_NON_LITERAL_NULL_CONVERSION = YES;
				CLANG_WARN_OBJC_IMPLICIT_RETAIN_SELF = YES;
				CLANG_WARN_OBJC_LITERAL_CONVERSION = YES;
				CLANG_WARN_OBJC_ROOT_CLASS = YES_ERROR;
				CLANG_WARN_QUOTED_INCLUDE_IN_FRAMEWORK_HEADER = YES;
				CLANG_WARN_RANGE_LOOP_ANALYSIS = YES;
				CLANG_WARN_STRICT_PROTOTYPES = YES;
				CLANG_WARN_SUSPICIOUS_MOVE = YES;
				CLANG_WARN_UNGUARDED_AVAILABILITY = YES_AGGRESSIVE;
				CLANG_WARN_UNREACHABLE_CODE = YES;
				CLANG_WARN__DUPLICATE_METHOD_MATCH = YES;
				COPY_PHASE_STRIP = NO;
				DEBUG_INFORMATION_FORMAT = "dwarf-with-dsym";
				ENABLE_NS_ASSERTIONS = NO;
				ENABLE_STRICT_OBJC_MSGSEND = YES;
				GCC_C_LANGUAGE_STANDARD = gnu11;
				GCC_NO_COMMON_BLOCKS = YES;
				GCC_WARN_64_TO_32_BIT_CONVERSION = YES;
				GCC_WARN_ABOUT_RETURN_TYPE = YES_ERROR;
				GCC_WARN_UNDECLARED_SELECTOR = YES;
				GCC_WARN_UNINITIALIZED_AUTOS = YES_AGGRESSIVE;
				GCC_WARN_UNUSED_FUNCTION = YES;
				GCC_WARN_UNUSED_VARIABLE = YES;
				IPHONEOS_DEPLOYMENT_TARGET = 14.0;
				MTL_ENABLE_DEBUG_INFO = NO;
				MTL_FAST_MATH = YES;
				SDKROOT = iphoneos;
				SWIFT_COMPILATION_MODE = wholemodule;
				SWIFT_OPTIMIZATION_LEVEL = "-O";
				VALIDATE_PRODUCT = YES;
			};
			name = Release;
		};
		FFC5AFA324F99EE70087DC02 /* Debug */ = {
			isa = XCBuildConfiguration;
			baseConfigurationReference = E5FCB0451DAEE078505B911C /* Pods-GOKTest.debug.xcconfig */;
			buildSettings = {
				ASSETCATALOG_COMPILER_APPICON_NAME = AppIcon;
				ASSETCATALOG_COMPILER_GLOBAL_ACCENT_COLOR_NAME = AccentColor;
				CODE_SIGN_STYLE = Automatic;
				DEVELOPMENT_TEAM = SM9KCJGMUP;
				INFOPLIST_FILE = "$(SRCROOT)/GOKTest/Root/Info.plist";
				IPHONEOS_DEPLOYMENT_TARGET = 13.0;
				LD_RUNPATH_SEARCH_PATHS = (
					"$(inherited)",
					"@executable_path/Frameworks",
				);
				PRODUCT_BUNDLE_IDENTIFIER = dobigaster.GOKTest;
				PRODUCT_NAME = "$(TARGET_NAME)";
				SWIFT_VERSION = 5.0;
				TARGETED_DEVICE_FAMILY = 1;
			};
			name = Debug;
		};
		FFC5AFA424F99EE70087DC02 /* Release */ = {
			isa = XCBuildConfiguration;
			baseConfigurationReference = CE5AF7A1B265AA5D533CE6C7 /* Pods-GOKTest.release.xcconfig */;
			buildSettings = {
				ASSETCATALOG_COMPILER_APPICON_NAME = AppIcon;
				ASSETCATALOG_COMPILER_GLOBAL_ACCENT_COLOR_NAME = AccentColor;
				CODE_SIGN_STYLE = Automatic;
				DEVELOPMENT_TEAM = SM9KCJGMUP;
				INFOPLIST_FILE = "$(SRCROOT)/GOKTest/Root/Info.plist";
				IPHONEOS_DEPLOYMENT_TARGET = 13.0;
				LD_RUNPATH_SEARCH_PATHS = (
					"$(inherited)",
					"@executable_path/Frameworks",
				);
				PRODUCT_BUNDLE_IDENTIFIER = dobigaster.GOKTest;
				PRODUCT_NAME = "$(TARGET_NAME)";
				SWIFT_VERSION = 5.0;
				TARGETED_DEVICE_FAMILY = 1;
			};
			name = Release;
		};
		FFC5AFA624F99EE70087DC02 /* Debug */ = {
			isa = XCBuildConfiguration;
			baseConfigurationReference = 9100A2D5A4D6C85FE91989F3 /* Pods-GOKTestTests.debug.xcconfig */;
			buildSettings = {
				ALWAYS_EMBED_SWIFT_STANDARD_LIBRARIES = YES;
				BUNDLE_LOADER = "$(TEST_HOST)";
				CODE_SIGN_STYLE = Automatic;
				DEVELOPMENT_TEAM = SM9KCJGMUP;
				INFOPLIST_FILE = GOKTestTests/Info.plist;
				IPHONEOS_DEPLOYMENT_TARGET = 14.0;
				LD_RUNPATH_SEARCH_PATHS = (
					"$(inherited)",
					"@executable_path/Frameworks",
					"@loader_path/Frameworks",
				);
				PRODUCT_BUNDLE_IDENTIFIER = dobigaster.GOKTestTests;
				PRODUCT_NAME = "$(TARGET_NAME)";
				SWIFT_VERSION = 5.0;
				TARGETED_DEVICE_FAMILY = "1,2";
				TEST_HOST = "$(BUILT_PRODUCTS_DIR)/GOKTest.app/GOKTest";
			};
			name = Debug;
		};
		FFC5AFA724F99EE70087DC02 /* Release */ = {
			isa = XCBuildConfiguration;
			baseConfigurationReference = E7083D74532BC6F15F8F39B8 /* Pods-GOKTestTests.release.xcconfig */;
			buildSettings = {
				ALWAYS_EMBED_SWIFT_STANDARD_LIBRARIES = YES;
				BUNDLE_LOADER = "$(TEST_HOST)";
				CODE_SIGN_STYLE = Automatic;
				DEVELOPMENT_TEAM = SM9KCJGMUP;
				INFOPLIST_FILE = GOKTestTests/Info.plist;
				IPHONEOS_DEPLOYMENT_TARGET = 14.0;
				LD_RUNPATH_SEARCH_PATHS = (
					"$(inherited)",
					"@executable_path/Frameworks",
					"@loader_path/Frameworks",
				);
				PRODUCT_BUNDLE_IDENTIFIER = dobigaster.GOKTestTests;
				PRODUCT_NAME = "$(TARGET_NAME)";
				SWIFT_VERSION = 5.0;
				TARGETED_DEVICE_FAMILY = "1,2";
				TEST_HOST = "$(BUILT_PRODUCTS_DIR)/GOKTest.app/GOKTest";
			};
			name = Release;
		};
		FFC5AFA924F99EE70087DC02 /* Debug */ = {
			isa = XCBuildConfiguration;
			baseConfigurationReference = 3402F0293963FBA20863484A /* Pods-GOKTest-GOKTestUITests.debug.xcconfig */;
			buildSettings = {
				ALWAYS_EMBED_SWIFT_STANDARD_LIBRARIES = YES;
				CODE_SIGN_STYLE = Automatic;
				DEVELOPMENT_TEAM = SM9KCJGMUP;
				INFOPLIST_FILE = GOKTestUITests/Info.plist;
				LD_RUNPATH_SEARCH_PATHS = (
					"$(inherited)",
					"@executable_path/Frameworks",
					"@loader_path/Frameworks",
				);
				PRODUCT_BUNDLE_IDENTIFIER = dobigaster.GOKTestUITests;
				PRODUCT_NAME = "$(TARGET_NAME)";
				SWIFT_VERSION = 5.0;
				TARGETED_DEVICE_FAMILY = "1,2";
				TEST_TARGET_NAME = GOKTest;
			};
			name = Debug;
		};
		FFC5AFAA24F99EE70087DC02 /* Release */ = {
			isa = XCBuildConfiguration;
			baseConfigurationReference = A5DDA1F644F1BD85B2D2D1C9 /* Pods-GOKTest-GOKTestUITests.release.xcconfig */;
			buildSettings = {
				ALWAYS_EMBED_SWIFT_STANDARD_LIBRARIES = YES;
				CODE_SIGN_STYLE = Automatic;
				DEVELOPMENT_TEAM = SM9KCJGMUP;
				INFOPLIST_FILE = GOKTestUITests/Info.plist;
				LD_RUNPATH_SEARCH_PATHS = (
					"$(inherited)",
					"@executable_path/Frameworks",
					"@loader_path/Frameworks",
				);
				PRODUCT_BUNDLE_IDENTIFIER = dobigaster.GOKTestUITests;
				PRODUCT_NAME = "$(TARGET_NAME)";
				SWIFT_VERSION = 5.0;
				TARGETED_DEVICE_FAMILY = "1,2";
				TEST_TARGET_NAME = GOKTest;
			};
			name = Release;
		};
/* End XCBuildConfiguration section */

/* Begin XCConfigurationList section */
		FFC5AF6E24F99EE30087DC02 /* Build configuration list for PBXProject "GOKTest" */ = {
			isa = XCConfigurationList;
			buildConfigurations = (
				FFC5AFA024F99EE70087DC02 /* Debug */,
				FFC5AFA124F99EE70087DC02 /* Release */,
			);
			defaultConfigurationIsVisible = 0;
			defaultConfigurationName = Release;
		};
		FFC5AFA224F99EE70087DC02 /* Build configuration list for PBXNativeTarget "GOKTest" */ = {
			isa = XCConfigurationList;
			buildConfigurations = (
				FFC5AFA324F99EE70087DC02 /* Debug */,
				FFC5AFA424F99EE70087DC02 /* Release */,
			);
			defaultConfigurationIsVisible = 0;
			defaultConfigurationName = Release;
		};
		FFC5AFA524F99EE70087DC02 /* Build configuration list for PBXNativeTarget "GOKTestTests" */ = {
			isa = XCConfigurationList;
			buildConfigurations = (
				FFC5AFA624F99EE70087DC02 /* Debug */,
				FFC5AFA724F99EE70087DC02 /* Release */,
			);
			defaultConfigurationIsVisible = 0;
			defaultConfigurationName = Release;
		};
		FFC5AFA824F99EE70087DC02 /* Build configuration list for PBXNativeTarget "GOKTestUITests" */ = {
			isa = XCConfigurationList;
			buildConfigurations = (
				FFC5AFA924F99EE70087DC02 /* Debug */,
				FFC5AFAA24F99EE70087DC02 /* Release */,
			);
			defaultConfigurationIsVisible = 0;
			defaultConfigurationName = Release;
		};
/* End XCConfigurationList section */

/* Begin XCVersionGroup section */
		FFC5AF8124F99EE30087DC02 /* GOKTest.xcdatamodeld */ = {
			isa = XCVersionGroup;
			children = (
				FFC5AF8224F99EE30087DC02 /* GOKTest.xcdatamodel */,
			);
			currentVersion = FFC5AF8224F99EE30087DC02 /* GOKTest.xcdatamodel */;
			path = GOKTest.xcdatamodeld;
			sourceTree = "<group>";
			versionGroupType = wrapper.xcdatamodel;
		};
/* End XCVersionGroup section */
	};
	rootObject = FFC5AF6B24F99EE30087DC02 /* Project object */;
}
