// !$*UTF8*$!
{
	archiveVersion = 1;
	classes = {
	};
	objectVersion = 51;
	objects = {

/* Begin PBXBuildFile section */
		B50ECED0CB3FE54D3D348838 /* Pods_GOKUnitSpecs.framework in Frameworks */ = {isa = PBXBuildFile; fileRef = 1DC5833DC53F0C7EEB6D1271 /* Pods_GOKUnitSpecs.framework */; };
		FF1A94FD250024A300E8E680 /* UIView+Extension.swift in Sources */ = {isa = PBXBuildFile; fileRef = FF1A94FC250024A300E8E680 /* UIView+Extension.swift */; };
		FF3741792828E0E900E5DFA6 /* MainViewControllerSpec.swift in Sources */ = {isa = PBXBuildFile; fileRef = FFC11A222828DBC900CF8F14 /* MainViewControllerSpec.swift */; };
		FF3C8B0524FAF34E007FCFCE /* MainService.swift in Sources */ = {isa = PBXBuildFile; fileRef = FF3C8B0424FAF34E007FCFCE /* MainService.swift */; };
		FF414D1F2829441E006E6434 /* DigioModelMock.swift in Sources */ = {isa = PBXBuildFile; fileRef = FF414D1E2829441E006E6434 /* DigioModelMock.swift */; };
		FF414D25282948E5006E6434 /* MainViewModelSpec.swift in Sources */ = {isa = PBXBuildFile; fileRef = FF414D24282948E5006E6434 /* MainViewModelSpec.swift */; };
		FF414D272829495E006E6434 /* MainServiceMock.swift in Sources */ = {isa = PBXBuildFile; fileRef = FF414D262829495E006E6434 /* MainServiceMock.swift */; };
		FF414D2B28294C57006E6434 /* MainViewControllerMock.swift in Sources */ = {isa = PBXBuildFile; fileRef = FF414D2A28294C57006E6434 /* MainViewControllerMock.swift */; };
		FF414D2D28294F0F006E6434 /* Spotlight+Mock.swift in Sources */ = {isa = PBXBuildFile; fileRef = FF414D2C28294F0F006E6434 /* Spotlight+Mock.swift */; };
		FF414D2F28294FF8006E6434 /* MainNavigationListenerMock.swift in Sources */ = {isa = PBXBuildFile; fileRef = FF414D2E28294FF8006E6434 /* MainNavigationListenerMock.swift */; };
		FF414D3128295174006E6434 /* Cash+Mock.swift in Sources */ = {isa = PBXBuildFile; fileRef = FF414D3028295174006E6434 /* Cash+Mock.swift */; };
		FF414D33282951E3006E6434 /* Product+Mock.swift in Sources */ = {isa = PBXBuildFile; fileRef = FF414D32282951E3006E6434 /* Product+Mock.swift */; };
		FF414D3628295320006E6434 /* RetryView.swift in Sources */ = {isa = PBXBuildFile; fileRef = FF414D3528295320006E6434 /* RetryView.swift */; };
		FF414D382829544F006E6434 /* UIButton+Extension.swift in Sources */ = {isa = PBXBuildFile; fileRef = FF414D372829544F006E6434 /* UIButton+Extension.swift */; };
		FF414D3B28297261006E6434 /* DetailViewControllerSpec.swift in Sources */ = {isa = PBXBuildFile; fileRef = FF414D3A28297261006E6434 /* DetailViewControllerSpec.swift */; };
		FF414D3F2829742E006E6434 /* DetailViewModelMock.swift in Sources */ = {isa = PBXBuildFile; fileRef = FF414D3E2829742E006E6434 /* DetailViewModelMock.swift */; };
		FF414D4228298991006E6434 /* DetailViewModelSpec.swift in Sources */ = {isa = PBXBuildFile; fileRef = FF414D4128298991006E6434 /* DetailViewModelSpec.swift */; };
		FF414D4428298AC5006E6434 /* DetailViewControllerMock.swift in Sources */ = {isa = PBXBuildFile; fileRef = FF414D4328298AC5006E6434 /* DetailViewControllerMock.swift */; };
		FF414D4728298D14006E6434 /* SpotlightSectionSpec.swift in Sources */ = {isa = PBXBuildFile; fileRef = FF414D4628298D14006E6434 /* SpotlightSectionSpec.swift */; };
		FF414D492829954E006E6434 /* SpotlightSectionDelegateMock.swift in Sources */ = {isa = PBXBuildFile; fileRef = FF414D482829954E006E6434 /* SpotlightSectionDelegateMock.swift */; };
		FF414D532829B181006E6434 /* ProductsSectionSpec.swift in Sources */ = {isa = PBXBuildFile; fileRef = FF414D522829B181006E6434 /* ProductsSectionSpec.swift */; };
		FF414D552829B1CC006E6434 /* ProductsSectionDelegateMock.swift in Sources */ = {isa = PBXBuildFile; fileRef = FF414D542829B1CC006E6434 /* ProductsSectionDelegateMock.swift */; };
		FFB30E5F2828D79D00FBF8B5 /* Pods_GOKTest.framework in Frameworks */ = {isa = PBXBuildFile; fileRef = FFB30E5E2828D79D00FBF8B5 /* Pods_GOKTest.framework */; };
		FFB30E682828D99500FBF8B5 /* GOKUnitSpecs.swift in Sources */ = {isa = PBXBuildFile; fileRef = FFB30E672828D99500FBF8B5 /* GOKUnitSpecs.swift */; };
		FFC11A262828DBEB00CF8F14 /* MainViewModelMock.swift in Sources */ = {isa = PBXBuildFile; fileRef = FFC11A252828DBEB00CF8F14 /* MainViewModelMock.swift */; };
		FFC5AF7724F99EE30087DC02 /* AppDelegate.swift in Sources */ = {isa = PBXBuildFile; fileRef = FFC5AF7624F99EE30087DC02 /* AppDelegate.swift */; };
		FFC5AF7924F99EE30087DC02 /* SceneDelegate.swift in Sources */ = {isa = PBXBuildFile; fileRef = FFC5AF7824F99EE30087DC02 /* SceneDelegate.swift */; };
		FFC5AF8324F99EE30087DC02 /* GOKTest.xcdatamodeld in Sources */ = {isa = PBXBuildFile; fileRef = FFC5AF8124F99EE30087DC02 /* GOKTest.xcdatamodeld */; };
		FFC5AF8524F99EE60087DC02 /* Assets.xcassets in Resources */ = {isa = PBXBuildFile; fileRef = FFC5AF8424F99EE60087DC02 /* Assets.xcassets */; };
		FFC5AF8824F99EE60087DC02 /* LaunchScreen.storyboard in Resources */ = {isa = PBXBuildFile; fileRef = FFC5AF8624F99EE60087DC02 /* LaunchScreen.storyboard */; };
		FFC5AFB324F99FA90087DC02 /* Spotlight.swift in Sources */ = {isa = PBXBuildFile; fileRef = FFC5AFB224F99FA90087DC02 /* Spotlight.swift */; };
		FFC5AFB524F9A0910087DC02 /* DigioModel.swift in Sources */ = {isa = PBXBuildFile; fileRef = FFC5AFB424F9A0910087DC02 /* DigioModel.swift */; };
		FFC5AFB724F9A09C0087DC02 /* Cash.swift in Sources */ = {isa = PBXBuildFile; fileRef = FFC5AFB624F9A09C0087DC02 /* Cash.swift */; };
		FFC5AFB924F9A0B10087DC02 /* Products.swift in Sources */ = {isa = PBXBuildFile; fileRef = FFC5AFB824F9A0B10087DC02 /* Products.swift */; };
		FFC5AFBB24F9A5F60087DC02 /* Coordinator.swift in Sources */ = {isa = PBXBuildFile; fileRef = FFC5AFBA24F9A5F60087DC02 /* Coordinator.swift */; };
		FFC5AFBE24FAE8050087DC02 /* MainViewController.swift in Sources */ = {isa = PBXBuildFile; fileRef = FFC5AFBC24FAE8050087DC02 /* MainViewController.swift */; };
		FFC5AFC124FAE9E50087DC02 /* ApplicationCoordinator.swift in Sources */ = {isa = PBXBuildFile; fileRef = FFC5AFC024FAE9E50087DC02 /* ApplicationCoordinator.swift */; };
		FFCB78E828278CE90004F33E /* UIImageView+KingFisher.swift in Sources */ = {isa = PBXBuildFile; fileRef = FFCB78E728278CE90004F33E /* UIImageView+KingFisher.swift */; };
		FFCB78EA282799670004F33E /* UILabel+Extension.swift in Sources */ = {isa = PBXBuildFile; fileRef = FFCB78E9282799670004F33E /* UILabel+Extension.swift */; };
		FFCB78EC282799B80004F33E /* UIImage+Extension.swift in Sources */ = {isa = PBXBuildFile; fileRef = FFCB78EB282799B80004F33E /* UIImage+Extension.swift */; };
		FFCB78EE282835C80004F33E /* CashView.swift in Sources */ = {isa = PBXBuildFile; fileRef = FFCB78ED282835C80004F33E /* CashView.swift */; };
		FFCB78F0282837D20004F33E /* ProductsView.swift in Sources */ = {isa = PBXBuildFile; fileRef = FFCB78EF282837D20004F33E /* ProductsView.swift */; };
		FFCB78F228283F460004F33E /* ProductsSection.swift in Sources */ = {isa = PBXBuildFile; fileRef = FFCB78F128283F460004F33E /* ProductsSection.swift */; };
		FFCB78F9282840900004F33E /* ProductsCollectionViewCell.swift in Sources */ = {isa = PBXBuildFile; fileRef = FFCB78F8282840900004F33E /* ProductsCollectionViewCell.swift */; };
		FFCB78FC282848F40004F33E /* UIStackView+Extension.swift in Sources */ = {isa = PBXBuildFile; fileRef = FFCB78FB282848F40004F33E /* UIStackView+Extension.swift */; };
		FFCB78FE28285C5C0004F33E /* UIView+Shadow.swift in Sources */ = {isa = PBXBuildFile; fileRef = FFCB78FD28285C5C0004F33E /* UIView+Shadow.swift */; };
		FFCB790128287E450004F33E /* DetailViewController.swift in Sources */ = {isa = PBXBuildFile; fileRef = FFCB790028287E450004F33E /* DetailViewController.swift */; };
		FFCB79042828BC9E0004F33E /* MainViewNavigationListener.swift in Sources */ = {isa = PBXBuildFile; fileRef = FFCB79032828BC9E0004F33E /* MainViewNavigationListener.swift */; };
		FFCB79082828C2110004F33E /* DetailViewModel.swift in Sources */ = {isa = PBXBuildFile; fileRef = FFCB79072828C2110004F33E /* DetailViewModel.swift */; };
		FFD8B8B824FB24B90080D500 /* MainViewModel.swift in Sources */ = {isa = PBXBuildFile; fileRef = FFD8B8B724FB24B90080D500 /* MainViewModel.swift */; };
		FFE083E52825AC2300B43250 /* MainView.swift in Sources */ = {isa = PBXBuildFile; fileRef = FFE083E42825AC2300B43250 /* MainView.swift */; };
		FFE083F02825ACC600B43250 /* CodeView.swift in Sources */ = {isa = PBXBuildFile; fileRef = FFE083EF2825ACC600B43250 /* CodeView.swift */; };
		FFE083F22825AD0C00B43250 /* UIView+Constraints.swift in Sources */ = {isa = PBXBuildFile; fileRef = FFE083F12825AD0C00B43250 /* UIView+Constraints.swift */; };
		FFE083FA2825B08600B43250 /* DescribeProtocol.swift in Sources */ = {isa = PBXBuildFile; fileRef = FFE083F92825B08600B43250 /* DescribeProtocol.swift */; };
		FFE083FC2825B11700B43250 /* NSObject+DescribeProtocol.swift in Sources */ = {isa = PBXBuildFile; fileRef = FFE083FB2825B11700B43250 /* NSObject+DescribeProtocol.swift */; };
		FFE083FF2825B37900B43250 /* SpotlightTableViewCell.swift in Sources */ = {isa = PBXBuildFile; fileRef = FFE083FE2825B37900B43250 /* SpotlightTableViewCell.swift */; };
		FFE084012825B41C00B43250 /* SpotlightView.swift in Sources */ = {isa = PBXBuildFile; fileRef = FFE084002825B41C00B43250 /* SpotlightView.swift */; };
		FFE084042825B4A900B43250 /* DigioCollectionView.swift in Sources */ = {isa = PBXBuildFile; fileRef = FFE084032825B4A900B43250 /* DigioCollectionView.swift */; };
		FFE084062825B52E00B43250 /* DigioCollectionViewDataSource.swift in Sources */ = {isa = PBXBuildFile; fileRef = FFE084052825B52E00B43250 /* DigioCollectionViewDataSource.swift */; };
		FFE0840B2825B65400B43250 /* SpotlightViewSection.swift in Sources */ = {isa = PBXBuildFile; fileRef = FFE0840A2825B65400B43250 /* SpotlightViewSection.swift */; };
		FFE0840D2825B75600B43250 /* UICollectionView+Extension.swift in Sources */ = {isa = PBXBuildFile; fileRef = FFE0840C2825B75600B43250 /* UICollectionView+Extension.swift */; };
		FFE0840F2825BA0500B43250 /* SpotlightCollectionViewCell.swift in Sources */ = {isa = PBXBuildFile; fileRef = FFE0840E2825BA0500B43250 /* SpotlightCollectionViewCell.swift */; };
		FFE084112825BB1500B43250 /* UIImageView+Extension.swift in Sources */ = {isa = PBXBuildFile; fileRef = FFE084102825BB1500B43250 /* UIImageView+Extension.swift */; };
		FFE084132826BC0500B43250 /* ApiServiceError.swift in Sources */ = {isa = PBXBuildFile; fileRef = FFE084122826BC0500B43250 /* ApiServiceError.swift */; };
		FFE084162826BCE800B43250 /* Endpoint.swift in Sources */ = {isa = PBXBuildFile; fileRef = FFE084152826BCE800B43250 /* Endpoint.swift */; };
		FFE084182826BD0B00B43250 /* PrintableError.swift in Sources */ = {isa = PBXBuildFile; fileRef = FFE084172826BD0B00B43250 /* PrintableError.swift */; };
		FFE0841A2826BD4D00B43250 /* MainEndpoint.swift in Sources */ = {isa = PBXBuildFile; fileRef = FFE084192826BD4D00B43250 /* MainEndpoint.swift */; };
/* End PBXBuildFile section */

/* Begin PBXContainerItemProxy section */
		FFB30E692828D99500FBF8B5 /* PBXContainerItemProxy */ = {
			isa = PBXContainerItemProxy;
			containerPortal = FFC5AF6B24F99EE30087DC02 /* Project object */;
			proxyType = 1;
			remoteGlobalIDString = FFC5AF7224F99EE30087DC02;
			remoteInfo = GOKTest;
		};
/* End PBXContainerItemProxy section */

/* Begin PBXFileReference section */
		008FCDFB27922B57C6B65745 /* Pods_GOKTest.framework */ = {isa = PBXFileReference; explicitFileType = wrapper.framework; includeInIndex = 0; path = Pods_GOKTest.framework; sourceTree = BUILT_PRODUCTS_DIR; };
		0219918CFB89C4A69B07CFE0 /* Pods-GOKUnitSpecs.debug.xcconfig */ = {isa = PBXFileReference; includeInIndex = 1; lastKnownFileType = text.xcconfig; name = "Pods-GOKUnitSpecs.debug.xcconfig"; path = "Target Support Files/Pods-GOKUnitSpecs/Pods-GOKUnitSpecs.debug.xcconfig"; sourceTree = "<group>"; };
		1DC5833DC53F0C7EEB6D1271 /* Pods_GOKUnitSpecs.framework */ = {isa = PBXFileReference; explicitFileType = wrapper.framework; includeInIndex = 0; path = Pods_GOKUnitSpecs.framework; sourceTree = BUILT_PRODUCTS_DIR; };
		2C767CABB1F9CA01E8F283A4 /* Pods-GOKTest.debug.xcconfig */ = {isa = PBXFileReference; includeInIndex = 1; lastKnownFileType = text.xcconfig; name = "Pods-GOKTest.debug.xcconfig"; path = "Target Support Files/Pods-GOKTest/Pods-GOKTest.debug.xcconfig"; sourceTree = "<group>"; };
		2FF1C2D94EE85CF872641E5D /* Pods-GOKTestTests.release.xcconfig */ = {isa = PBXFileReference; includeInIndex = 1; lastKnownFileType = text.xcconfig; name = "Pods-GOKTestTests.release.xcconfig"; path = "Target Support Files/Pods-GOKTestTests/Pods-GOKTestTests.release.xcconfig"; sourceTree = "<group>"; };
		3A69BA41A59DE196766A2DC2 /* Pods_GOKTest_GOKUISpecs.framework */ = {isa = PBXFileReference; explicitFileType = wrapper.framework; includeInIndex = 0; path = Pods_GOKTest_GOKUISpecs.framework; sourceTree = BUILT_PRODUCTS_DIR; };
		451E88281DE3D650A88D7902 /* Pods-GOKTest-GOKTestUITests.release.xcconfig */ = {isa = PBXFileReference; includeInIndex = 1; lastKnownFileType = text.xcconfig; name = "Pods-GOKTest-GOKTestUITests.release.xcconfig"; path = "Target Support Files/Pods-GOKTest-GOKTestUITests/Pods-GOKTest-GOKTestUITests.release.xcconfig"; sourceTree = "<group>"; };
		5DAA7B4999326E8561101B1D /* Pods-GOKTestTests2.debug.xcconfig */ = {isa = PBXFileReference; includeInIndex = 1; lastKnownFileType = text.xcconfig; name = "Pods-GOKTestTests2.debug.xcconfig"; path = "Target Support Files/Pods-GOKTestTests2/Pods-GOKTestTests2.debug.xcconfig"; sourceTree = "<group>"; };
		637278298A9B10714C47DB84 /* Pods-GOKTest.release.xcconfig */ = {isa = PBXFileReference; includeInIndex = 1; lastKnownFileType = text.xcconfig; name = "Pods-GOKTest.release.xcconfig"; path = "Target Support Files/Pods-GOKTest/Pods-GOKTest.release.xcconfig"; sourceTree = "<group>"; };
		680A14301786B1DB2A4E0C64 /* Pods-GOKTest-GOKUISpecs.debug.xcconfig */ = {isa = PBXFileReference; includeInIndex = 1; lastKnownFileType = text.xcconfig; name = "Pods-GOKTest-GOKUISpecs.debug.xcconfig"; path = "Target Support Files/Pods-GOKTest-GOKUISpecs/Pods-GOKTest-GOKUISpecs.debug.xcconfig"; sourceTree = "<group>"; };
		68BA3991BECECE3E8A6DC7FF /* Pods_GOKSpecs.framework */ = {isa = PBXFileReference; explicitFileType = wrapper.framework; includeInIndex = 0; path = Pods_GOKSpecs.framework; sourceTree = BUILT_PRODUCTS_DIR; };
		72F2FAD5BE3EB344D261FF81 /* Pods_GOKTestTests.framework */ = {isa = PBXFileReference; explicitFileType = wrapper.framework; includeInIndex = 0; path = Pods_GOKTestTests.framework; sourceTree = BUILT_PRODUCTS_DIR; };
		72F828B0012D775C0882682A /* Pods-GOKSpecs.debug.xcconfig */ = {isa = PBXFileReference; includeInIndex = 1; lastKnownFileType = text.xcconfig; name = "Pods-GOKSpecs.debug.xcconfig"; path = "Target Support Files/Pods-GOKSpecs/Pods-GOKSpecs.debug.xcconfig"; sourceTree = "<group>"; };
		782257640F2601EC6111185B /* Pods-GOKSpecs.release.xcconfig */ = {isa = PBXFileReference; includeInIndex = 1; lastKnownFileType = text.xcconfig; name = "Pods-GOKSpecs.release.xcconfig"; path = "Target Support Files/Pods-GOKSpecs/Pods-GOKSpecs.release.xcconfig"; sourceTree = "<group>"; };
		7C5246E5210B8F0B5F56DFD6 /* Pods-GOKTest-GOKTestUITests.debug.xcconfig */ = {isa = PBXFileReference; includeInIndex = 1; lastKnownFileType = text.xcconfig; name = "Pods-GOKTest-GOKTestUITests.debug.xcconfig"; path = "Target Support Files/Pods-GOKTest-GOKTestUITests/Pods-GOKTest-GOKTestUITests.debug.xcconfig"; sourceTree = "<group>"; };
		A33CC2CF5B9D69176FF7344F /* Pods-GOKUnitSpecs.release.xcconfig */ = {isa = PBXFileReference; includeInIndex = 1; lastKnownFileType = text.xcconfig; name = "Pods-GOKUnitSpecs.release.xcconfig"; path = "Target Support Files/Pods-GOKUnitSpecs/Pods-GOKUnitSpecs.release.xcconfig"; sourceTree = "<group>"; };
		A4594AA535A04184656C2E65 /* Pods-GOKTestTests2.release.xcconfig */ = {isa = PBXFileReference; includeInIndex = 1; lastKnownFileType = text.xcconfig; name = "Pods-GOKTestTests2.release.xcconfig"; path = "Target Support Files/Pods-GOKTestTests2/Pods-GOKTestTests2.release.xcconfig"; sourceTree = "<group>"; };
		B0D8B0A30DCACB8815D620C9 /* Pods_GOKTestTests2.framework */ = {isa = PBXFileReference; explicitFileType = wrapper.framework; includeInIndex = 0; path = Pods_GOKTestTests2.framework; sourceTree = BUILT_PRODUCTS_DIR; };
		C207C7B988540B2D7B72A48B /* Pods_GOKTest_GOKTestUITests.framework */ = {isa = PBXFileReference; explicitFileType = wrapper.framework; includeInIndex = 0; path = Pods_GOKTest_GOKTestUITests.framework; sourceTree = BUILT_PRODUCTS_DIR; };
		C3EF9EC95F0C0FFF7155E8E3 /* Pods-GOKTest-GOKUISpecs.release.xcconfig */ = {isa = PBXFileReference; includeInIndex = 1; lastKnownFileType = text.xcconfig; name = "Pods-GOKTest-GOKUISpecs.release.xcconfig"; path = "Target Support Files/Pods-GOKTest-GOKUISpecs/Pods-GOKTest-GOKUISpecs.release.xcconfig"; sourceTree = "<group>"; };
		ED3B2888B4B09E81F6E2FDBC /* Pods-GOKTestTests.debug.xcconfig */ = {isa = PBXFileReference; includeInIndex = 1; lastKnownFileType = text.xcconfig; name = "Pods-GOKTestTests.debug.xcconfig"; path = "Target Support Files/Pods-GOKTestTests/Pods-GOKTestTests.debug.xcconfig"; sourceTree = "<group>"; };
		FF1A94FC250024A300E8E680 /* UIView+Extension.swift */ = {isa = PBXFileReference; lastKnownFileType = sourcecode.swift; path = "UIView+Extension.swift"; sourceTree = "<group>"; };
		FF3C8B0424FAF34E007FCFCE /* MainService.swift */ = {isa = PBXFileReference; lastKnownFileType = sourcecode.swift; path = MainService.swift; sourceTree = "<group>"; };
		FF414D1E2829441E006E6434 /* DigioModelMock.swift */ = {isa = PBXFileReference; lastKnownFileType = sourcecode.swift; path = DigioModelMock.swift; sourceTree = "<group>"; };
		FF414D24282948E5006E6434 /* MainViewModelSpec.swift */ = {isa = PBXFileReference; lastKnownFileType = sourcecode.swift; path = MainViewModelSpec.swift; sourceTree = "<group>"; };
		FF414D262829495E006E6434 /* MainServiceMock.swift */ = {isa = PBXFileReference; lastKnownFileType = sourcecode.swift; path = MainServiceMock.swift; sourceTree = "<group>"; };
		FF414D2A28294C57006E6434 /* MainViewControllerMock.swift */ = {isa = PBXFileReference; lastKnownFileType = sourcecode.swift; path = MainViewControllerMock.swift; sourceTree = "<group>"; };
		FF414D2C28294F0F006E6434 /* Spotlight+Mock.swift */ = {isa = PBXFileReference; lastKnownFileType = sourcecode.swift; path = "Spotlight+Mock.swift"; sourceTree = "<group>"; };
		FF414D2E28294FF8006E6434 /* MainNavigationListenerMock.swift */ = {isa = PBXFileReference; lastKnownFileType = sourcecode.swift; path = MainNavigationListenerMock.swift; sourceTree = "<group>"; };
		FF414D3028295174006E6434 /* Cash+Mock.swift */ = {isa = PBXFileReference; lastKnownFileType = sourcecode.swift; path = "Cash+Mock.swift"; sourceTree = "<group>"; };
		FF414D32282951E3006E6434 /* Product+Mock.swift */ = {isa = PBXFileReference; lastKnownFileType = sourcecode.swift; path = "Product+Mock.swift"; sourceTree = "<group>"; };
		FF414D3528295320006E6434 /* RetryView.swift */ = {isa = PBXFileReference; lastKnownFileType = sourcecode.swift; path = RetryView.swift; sourceTree = "<group>"; };
		FF414D372829544F006E6434 /* UIButton+Extension.swift */ = {isa = PBXFileReference; lastKnownFileType = sourcecode.swift; path = "UIButton+Extension.swift"; sourceTree = "<group>"; };
		FF414D3A28297261006E6434 /* DetailViewControllerSpec.swift */ = {isa = PBXFileReference; lastKnownFileType = sourcecode.swift; path = DetailViewControllerSpec.swift; sourceTree = "<group>"; };
		FF414D3E2829742E006E6434 /* DetailViewModelMock.swift */ = {isa = PBXFileReference; lastKnownFileType = sourcecode.swift; path = DetailViewModelMock.swift; sourceTree = "<group>"; };
		FF414D4128298991006E6434 /* DetailViewModelSpec.swift */ = {isa = PBXFileReference; lastKnownFileType = sourcecode.swift; path = DetailViewModelSpec.swift; sourceTree = "<group>"; };
		FF414D4328298AC5006E6434 /* DetailViewControllerMock.swift */ = {isa = PBXFileReference; lastKnownFileType = sourcecode.swift; path = DetailViewControllerMock.swift; sourceTree = "<group>"; };
		FF414D4628298D14006E6434 /* SpotlightSectionSpec.swift */ = {isa = PBXFileReference; lastKnownFileType = sourcecode.swift; path = SpotlightSectionSpec.swift; sourceTree = "<group>"; };
		FF414D482829954E006E6434 /* SpotlightSectionDelegateMock.swift */ = {isa = PBXFileReference; lastKnownFileType = sourcecode.swift; path = SpotlightSectionDelegateMock.swift; sourceTree = "<group>"; };
		FF414D522829B181006E6434 /* ProductsSectionSpec.swift */ = {isa = PBXFileReference; lastKnownFileType = sourcecode.swift; path = ProductsSectionSpec.swift; sourceTree = "<group>"; };
		FF414D542829B1CC006E6434 /* ProductsSectionDelegateMock.swift */ = {isa = PBXFileReference; lastKnownFileType = sourcecode.swift; path = ProductsSectionDelegateMock.swift; sourceTree = "<group>"; };
		FFB30E5E2828D79D00FBF8B5 /* Pods_GOKTest.framework */ = {isa = PBXFileReference; explicitFileType = wrapper.framework; path = Pods_GOKTest.framework; sourceTree = BUILT_PRODUCTS_DIR; };
		FFB30E652828D99500FBF8B5 /* GOKUnitSpecs.xctest */ = {isa = PBXFileReference; explicitFileType = wrapper.cfbundle; includeInIndex = 0; path = GOKUnitSpecs.xctest; sourceTree = BUILT_PRODUCTS_DIR; };
		FFB30E672828D99500FBF8B5 /* GOKUnitSpecs.swift */ = {isa = PBXFileReference; lastKnownFileType = sourcecode.swift; path = GOKUnitSpecs.swift; sourceTree = "<group>"; };
		FFC11A222828DBC900CF8F14 /* MainViewControllerSpec.swift */ = {isa = PBXFileReference; lastKnownFileType = sourcecode.swift; path = MainViewControllerSpec.swift; sourceTree = "<group>"; };
		FFC11A252828DBEB00CF8F14 /* MainViewModelMock.swift */ = {isa = PBXFileReference; lastKnownFileType = sourcecode.swift; path = MainViewModelMock.swift; sourceTree = "<group>"; };
		FFC5AF7324F99EE30087DC02 /* GOKTest.app */ = {isa = PBXFileReference; explicitFileType = wrapper.application; includeInIndex = 0; path = GOKTest.app; sourceTree = BUILT_PRODUCTS_DIR; };
		FFC5AF7624F99EE30087DC02 /* AppDelegate.swift */ = {isa = PBXFileReference; lastKnownFileType = sourcecode.swift; path = AppDelegate.swift; sourceTree = "<group>"; };
		FFC5AF7824F99EE30087DC02 /* SceneDelegate.swift */ = {isa = PBXFileReference; lastKnownFileType = sourcecode.swift; path = SceneDelegate.swift; sourceTree = "<group>"; };
		FFC5AF8224F99EE30087DC02 /* GOKTest.xcdatamodel */ = {isa = PBXFileReference; lastKnownFileType = wrapper.xcdatamodel; path = GOKTest.xcdatamodel; sourceTree = "<group>"; };
		FFC5AF8424F99EE60087DC02 /* Assets.xcassets */ = {isa = PBXFileReference; lastKnownFileType = folder.assetcatalog; path = Assets.xcassets; sourceTree = "<group>"; };
		FFC5AF8724F99EE60087DC02 /* Base */ = {isa = PBXFileReference; lastKnownFileType = file.storyboard; name = Base; path = Base.lproj/LaunchScreen.storyboard; sourceTree = "<group>"; };
		FFC5AF8924F99EE60087DC02 /* Info.plist */ = {isa = PBXFileReference; lastKnownFileType = text.plist.xml; path = Info.plist; sourceTree = "<group>"; };
		FFC5AFB224F99FA90087DC02 /* Spotlight.swift */ = {isa = PBXFileReference; lastKnownFileType = sourcecode.swift; path = Spotlight.swift; sourceTree = "<group>"; };
		FFC5AFB424F9A0910087DC02 /* DigioModel.swift */ = {isa = PBXFileReference; lastKnownFileType = sourcecode.swift; path = DigioModel.swift; sourceTree = "<group>"; };
		FFC5AFB624F9A09C0087DC02 /* Cash.swift */ = {isa = PBXFileReference; lastKnownFileType = sourcecode.swift; path = Cash.swift; sourceTree = "<group>"; };
		FFC5AFB824F9A0B10087DC02 /* Products.swift */ = {isa = PBXFileReference; lastKnownFileType = sourcecode.swift; path = Products.swift; sourceTree = "<group>"; };
		FFC5AFBA24F9A5F60087DC02 /* Coordinator.swift */ = {isa = PBXFileReference; lastKnownFileType = sourcecode.swift; path = Coordinator.swift; sourceTree = "<group>"; };
		FFC5AFBC24FAE8050087DC02 /* MainViewController.swift */ = {isa = PBXFileReference; lastKnownFileType = sourcecode.swift; path = MainViewController.swift; sourceTree = "<group>"; };
		FFC5AFC024FAE9E50087DC02 /* ApplicationCoordinator.swift */ = {isa = PBXFileReference; lastKnownFileType = sourcecode.swift; path = ApplicationCoordinator.swift; sourceTree = "<group>"; };
		FFCB78E728278CE90004F33E /* UIImageView+KingFisher.swift */ = {isa = PBXFileReference; lastKnownFileType = sourcecode.swift; path = "UIImageView+KingFisher.swift"; sourceTree = "<group>"; };
		FFCB78E9282799670004F33E /* UILabel+Extension.swift */ = {isa = PBXFileReference; lastKnownFileType = sourcecode.swift; path = "UILabel+Extension.swift"; sourceTree = "<group>"; };
		FFCB78EB282799B80004F33E /* UIImage+Extension.swift */ = {isa = PBXFileReference; lastKnownFileType = sourcecode.swift; path = "UIImage+Extension.swift"; sourceTree = "<group>"; };
		FFCB78ED282835C80004F33E /* CashView.swift */ = {isa = PBXFileReference; lastKnownFileType = sourcecode.swift; path = CashView.swift; sourceTree = "<group>"; };
		FFCB78EF282837D20004F33E /* ProductsView.swift */ = {isa = PBXFileReference; lastKnownFileType = sourcecode.swift; path = ProductsView.swift; sourceTree = "<group>"; };
		FFCB78F128283F460004F33E /* ProductsSection.swift */ = {isa = PBXFileReference; lastKnownFileType = sourcecode.swift; path = ProductsSection.swift; sourceTree = "<group>"; };
		FFCB78F8282840900004F33E /* ProductsCollectionViewCell.swift */ = {isa = PBXFileReference; lastKnownFileType = sourcecode.swift; path = ProductsCollectionViewCell.swift; sourceTree = "<group>"; };
		FFCB78FB282848F40004F33E /* UIStackView+Extension.swift */ = {isa = PBXFileReference; lastKnownFileType = sourcecode.swift; path = "UIStackView+Extension.swift"; sourceTree = "<group>"; };
		FFCB78FD28285C5C0004F33E /* UIView+Shadow.swift */ = {isa = PBXFileReference; lastKnownFileType = sourcecode.swift; path = "UIView+Shadow.swift"; sourceTree = "<group>"; };
		FFCB790028287E450004F33E /* DetailViewController.swift */ = {isa = PBXFileReference; lastKnownFileType = sourcecode.swift; path = DetailViewController.swift; sourceTree = "<group>"; };
		FFCB79032828BC9E0004F33E /* MainViewNavigationListener.swift */ = {isa = PBXFileReference; lastKnownFileType = sourcecode.swift; path = MainViewNavigationListener.swift; sourceTree = "<group>"; };
		FFCB79072828C2110004F33E /* DetailViewModel.swift */ = {isa = PBXFileReference; lastKnownFileType = sourcecode.swift; path = DetailViewModel.swift; sourceTree = "<group>"; };
		FFD8B8B724FB24B90080D500 /* MainViewModel.swift */ = {isa = PBXFileReference; lastKnownFileType = sourcecode.swift; path = MainViewModel.swift; sourceTree = "<group>"; };
		FFE083E42825AC2300B43250 /* MainView.swift */ = {isa = PBXFileReference; lastKnownFileType = sourcecode.swift; path = MainView.swift; sourceTree = "<group>"; };
		FFE083EF2825ACC600B43250 /* CodeView.swift */ = {isa = PBXFileReference; lastKnownFileType = sourcecode.swift; path = CodeView.swift; sourceTree = "<group>"; };
		FFE083F12825AD0C00B43250 /* UIView+Constraints.swift */ = {isa = PBXFileReference; lastKnownFileType = sourcecode.swift; path = "UIView+Constraints.swift"; sourceTree = "<group>"; };
		FFE083F92825B08600B43250 /* DescribeProtocol.swift */ = {isa = PBXFileReference; lastKnownFileType = sourcecode.swift; path = DescribeProtocol.swift; sourceTree = "<group>"; };
		FFE083FB2825B11700B43250 /* NSObject+DescribeProtocol.swift */ = {isa = PBXFileReference; lastKnownFileType = sourcecode.swift; path = "NSObject+DescribeProtocol.swift"; sourceTree = "<group>"; };
		FFE083FE2825B37900B43250 /* SpotlightTableViewCell.swift */ = {isa = PBXFileReference; lastKnownFileType = sourcecode.swift; path = SpotlightTableViewCell.swift; sourceTree = "<group>"; };
		FFE084002825B41C00B43250 /* SpotlightView.swift */ = {isa = PBXFileReference; lastKnownFileType = sourcecode.swift; path = SpotlightView.swift; sourceTree = "<group>"; };
		FFE084032825B4A900B43250 /* DigioCollectionView.swift */ = {isa = PBXFileReference; lastKnownFileType = sourcecode.swift; path = DigioCollectionView.swift; sourceTree = "<group>"; };
		FFE084052825B52E00B43250 /* DigioCollectionViewDataSource.swift */ = {isa = PBXFileReference; lastKnownFileType = sourcecode.swift; path = DigioCollectionViewDataSource.swift; sourceTree = "<group>"; };
		FFE0840A2825B65400B43250 /* SpotlightViewSection.swift */ = {isa = PBXFileReference; lastKnownFileType = sourcecode.swift; path = SpotlightViewSection.swift; sourceTree = "<group>"; };
		FFE0840C2825B75600B43250 /* UICollectionView+Extension.swift */ = {isa = PBXFileReference; lastKnownFileType = sourcecode.swift; path = "UICollectionView+Extension.swift"; sourceTree = "<group>"; };
		FFE0840E2825BA0500B43250 /* SpotlightCollectionViewCell.swift */ = {isa = PBXFileReference; lastKnownFileType = sourcecode.swift; path = SpotlightCollectionViewCell.swift; sourceTree = "<group>"; };
		FFE084102825BB1500B43250 /* UIImageView+Extension.swift */ = {isa = PBXFileReference; lastKnownFileType = sourcecode.swift; path = "UIImageView+Extension.swift"; sourceTree = "<group>"; };
		FFE084122826BC0500B43250 /* ApiServiceError.swift */ = {isa = PBXFileReference; lastKnownFileType = sourcecode.swift; path = ApiServiceError.swift; sourceTree = "<group>"; };
		FFE084152826BCE800B43250 /* Endpoint.swift */ = {isa = PBXFileReference; lastKnownFileType = sourcecode.swift; path = Endpoint.swift; sourceTree = "<group>"; };
		FFE084172826BD0B00B43250 /* PrintableError.swift */ = {isa = PBXFileReference; lastKnownFileType = sourcecode.swift; path = PrintableError.swift; sourceTree = "<group>"; };
		FFE084192826BD4D00B43250 /* MainEndpoint.swift */ = {isa = PBXFileReference; lastKnownFileType = sourcecode.swift; path = MainEndpoint.swift; sourceTree = "<group>"; };
/* End PBXFileReference section */

/* Begin PBXFrameworksBuildPhase section */
		FFB30E622828D99500FBF8B5 /* Frameworks */ = {
			isa = PBXFrameworksBuildPhase;
			buildActionMask = 2147483647;
			files = (
				B50ECED0CB3FE54D3D348838 /* Pods_GOKUnitSpecs.framework in Frameworks */,
			);
			runOnlyForDeploymentPostprocessing = 0;
		};
		FFC5AF7024F99EE30087DC02 /* Frameworks */ = {
			isa = PBXFrameworksBuildPhase;
			buildActionMask = 2147483647;
			files = (
				FFB30E5F2828D79D00FBF8B5 /* Pods_GOKTest.framework in Frameworks */,
			);
			runOnlyForDeploymentPostprocessing = 0;
		};
/* End PBXFrameworksBuildPhase section */

/* Begin PBXGroup section */
		487032C53C8C8D3A71943075 /* Pods */ = {
			isa = PBXGroup;
			children = (
				2C767CABB1F9CA01E8F283A4 /* Pods-GOKTest.debug.xcconfig */,
				637278298A9B10714C47DB84 /* Pods-GOKTest.release.xcconfig */,
				7C5246E5210B8F0B5F56DFD6 /* Pods-GOKTest-GOKTestUITests.debug.xcconfig */,
				451E88281DE3D650A88D7902 /* Pods-GOKTest-GOKTestUITests.release.xcconfig */,
				ED3B2888B4B09E81F6E2FDBC /* Pods-GOKTestTests.debug.xcconfig */,
				2FF1C2D94EE85CF872641E5D /* Pods-GOKTestTests.release.xcconfig */,
				5DAA7B4999326E8561101B1D /* Pods-GOKTestTests2.debug.xcconfig */,
				A4594AA535A04184656C2E65 /* Pods-GOKTestTests2.release.xcconfig */,
				72F828B0012D775C0882682A /* Pods-GOKSpecs.debug.xcconfig */,
				782257640F2601EC6111185B /* Pods-GOKSpecs.release.xcconfig */,
				680A14301786B1DB2A4E0C64 /* Pods-GOKTest-GOKUISpecs.debug.xcconfig */,
				C3EF9EC95F0C0FFF7155E8E3 /* Pods-GOKTest-GOKUISpecs.release.xcconfig */,
				0219918CFB89C4A69B07CFE0 /* Pods-GOKUnitSpecs.debug.xcconfig */,
				A33CC2CF5B9D69176FF7344F /* Pods-GOKUnitSpecs.release.xcconfig */,
			);
			path = Pods;
			sourceTree = "<group>";
		};
		5C93CD9443AFA9071B3ABF2A /* Frameworks */ = {
			isa = PBXGroup;
			children = (
				FFB30E5E2828D79D00FBF8B5 /* Pods_GOKTest.framework */,
				008FCDFB27922B57C6B65745 /* Pods_GOKTest.framework */,
				C207C7B988540B2D7B72A48B /* Pods_GOKTest_GOKTestUITests.framework */,
				72F2FAD5BE3EB344D261FF81 /* Pods_GOKTestTests.framework */,
				B0D8B0A30DCACB8815D620C9 /* Pods_GOKTestTests2.framework */,
				68BA3991BECECE3E8A6DC7FF /* Pods_GOKSpecs.framework */,
				3A69BA41A59DE196766A2DC2 /* Pods_GOKTest_GOKUISpecs.framework */,
				1DC5833DC53F0C7EEB6D1271 /* Pods_GOKUnitSpecs.framework */,
			);
			name = Frameworks;
			sourceTree = "<group>";
		};
		FF1A94FB2500246D00E8E680 /* Extensions */ = {
			isa = PBXGroup;
			children = (
				FF1A94FC250024A300E8E680 /* UIView+Extension.swift */,
				FFE083F12825AD0C00B43250 /* UIView+Constraints.swift */,
				FFE083FB2825B11700B43250 /* NSObject+DescribeProtocol.swift */,
				FFE0840C2825B75600B43250 /* UICollectionView+Extension.swift */,
				FFE084102825BB1500B43250 /* UIImageView+Extension.swift */,
				FFCB78E728278CE90004F33E /* UIImageView+KingFisher.swift */,
				FFCB78E9282799670004F33E /* UILabel+Extension.swift */,
				FFCB78EB282799B80004F33E /* UIImage+Extension.swift */,
				FFCB78FB282848F40004F33E /* UIStackView+Extension.swift */,
				FFCB78FD28285C5C0004F33E /* UIView+Shadow.swift */,
				FF414D372829544F006E6434 /* UIButton+Extension.swift */,
			);
			path = Extensions;
			sourceTree = "<group>";
		};
		FF414D2028294890006E6434 /* Main */ = {
			isa = PBXGroup;
			children = (
				FF414D23282948D0006E6434 /* ViewModel */,
				FF414D22282948C9006E6434 /* View */,
			);
			path = Main;
			sourceTree = "<group>";
		};
		FF414D22282948C9006E6434 /* View */ = {
			isa = PBXGroup;
			children = (
				FF414D4528298CFB006E6434 /* Section */,
				FFC11A222828DBC900CF8F14 /* MainViewControllerSpec.swift */,
			);
			path = View;
			sourceTree = "<group>";
		};
		FF414D23282948D0006E6434 /* ViewModel */ = {
			isa = PBXGroup;
			children = (
				FF414D24282948E5006E6434 /* MainViewModelSpec.swift */,
			);
			path = ViewModel;
			sourceTree = "<group>";
		};
		FF414D34282952AF006E6434 /* RetryView */ = {
			isa = PBXGroup;
			children = (
				FF414D3528295320006E6434 /* RetryView.swift */,
			);
			path = RetryView;
			sourceTree = "<group>";
		};
		FF414D392829723C006E6434 /* Detail */ = {
			isa = PBXGroup;
			children = (
				FF414D3D28297404006E6434 /* ViewModel */,
				FF414D3C282973FF006E6434 /* View */,
			);
			path = Detail;
			sourceTree = "<group>";
		};
		FF414D3C282973FF006E6434 /* View */ = {
			isa = PBXGroup;
			children = (
				FF414D3A28297261006E6434 /* DetailViewControllerSpec.swift */,
			);
			path = View;
			sourceTree = "<group>";
		};
		FF414D3D28297404006E6434 /* ViewModel */ = {
			isa = PBXGroup;
			children = (
				FF414D4128298991006E6434 /* DetailViewModelSpec.swift */,
			);
			path = ViewModel;
			sourceTree = "<group>";
		};
		FF414D4528298CFB006E6434 /* Section */ = {
			isa = PBXGroup;
			children = (
				FF414D4628298D14006E6434 /* SpotlightSectionSpec.swift */,
				FF414D522829B181006E6434 /* ProductsSectionSpec.swift */,
			);
			path = Section;
			sourceTree = "<group>";
		};
		FFB30E662828D99500FBF8B5 /* GOKUnitSpecs */ = {
			isa = PBXGroup;
			children = (
				FFC11A242828DBDD00CF8F14 /* Mocks */,
				FF414D2028294890006E6434 /* Main */,
				FF414D392829723C006E6434 /* Detail */,
				FFB30E672828D99500FBF8B5 /* GOKUnitSpecs.swift */,
			);
			path = GOKUnitSpecs;
			sourceTree = "<group>";
		};
		FFC11A242828DBDD00CF8F14 /* Mocks */ = {
			isa = PBXGroup;
			children = (
				FF414D3E2829742E006E6434 /* DetailViewModelMock.swift */,
				FFC11A252828DBEB00CF8F14 /* MainViewModelMock.swift */,
				FF414D1E2829441E006E6434 /* DigioModelMock.swift */,
				FF414D262829495E006E6434 /* MainServiceMock.swift */,
				FF414D2A28294C57006E6434 /* MainViewControllerMock.swift */,
				FF414D2C28294F0F006E6434 /* Spotlight+Mock.swift */,
				FF414D2E28294FF8006E6434 /* MainNavigationListenerMock.swift */,
				FF414D3028295174006E6434 /* Cash+Mock.swift */,
				FF414D32282951E3006E6434 /* Product+Mock.swift */,
				FF414D4328298AC5006E6434 /* DetailViewControllerMock.swift */,
				FF414D482829954E006E6434 /* SpotlightSectionDelegateMock.swift */,
				FF414D542829B1CC006E6434 /* ProductsSectionDelegateMock.swift */,
			);
			path = Mocks;
			sourceTree = "<group>";
		};
		FFC5AF6A24F99EE30087DC02 = {
			isa = PBXGroup;
			children = (
				FFC5AF7524F99EE30087DC02 /* GOKTest */,
				FFB30E662828D99500FBF8B5 /* GOKUnitSpecs */,
				FFC5AF7424F99EE30087DC02 /* Products */,
				487032C53C8C8D3A71943075 /* Pods */,
				5C93CD9443AFA9071B3ABF2A /* Frameworks */,
			);
			sourceTree = "<group>";
		};
		FFC5AF7424F99EE30087DC02 /* Products */ = {
			isa = PBXGroup;
			children = (
				FFC5AF7324F99EE30087DC02 /* GOKTest.app */,
				FFB30E652828D99500FBF8B5 /* GOKUnitSpecs.xctest */,
			);
			name = Products;
			sourceTree = "<group>";
		};
		FFC5AF7524F99EE30087DC02 /* GOKTest */ = {
			isa = PBXGroup;
			children = (
				FFE084022825B48E00B43250 /* Customviews */,
				FFE083EE2825ACAF00B43250 /* Protocols */,
				FF1A94FB2500246D00E8E680 /* Extensions */,
				FFC5AFAC24F99F230087DC02 /* Models */,
				FFC5AFAB24F99F1D0087DC02 /* Views */,
				FFC5AFAE24F99F300087DC02 /* ViewModels */,
				FFC5AFB024F99F490087DC02 /* Coordinators */,
				FFC5AFAF24F99F410087DC02 /* Service */,
				FFC5AFB124F99F6F0087DC02 /* Root */,
				FFC5AF8424F99EE60087DC02 /* Assets.xcassets */,
			);
			path = GOKTest;
			sourceTree = "<group>";
		};
		FFC5AFAB24F99F1D0087DC02 /* Views */ = {
			isa = PBXGroup;
			children = (
				FF414D34282952AF006E6434 /* RetryView */,
				FFCB78FF28287E320004F33E /* Detail */,
				FFCB78F5282840390004F33E /* Produtcs */,
				FFCB78F3282840100004F33E /* Cash */,
				FFE083FD2825B33700B43250 /* SpotLight */,
				FFE083F32825AF7700B43250 /* Main */,
			);
			path = Views;
			sourceTree = "<group>";
		};
		FFC5AFAC24F99F230087DC02 /* Models */ = {
			isa = PBXGroup;
			children = (
				FFC5AFB224F99FA90087DC02 /* Spotlight.swift */,
				FFC5AFB424F9A0910087DC02 /* DigioModel.swift */,
				FFC5AFB624F9A09C0087DC02 /* Cash.swift */,
				FFC5AFB824F9A0B10087DC02 /* Products.swift */,
			);
			path = Models;
			sourceTree = "<group>";
		};
		FFC5AFAE24F99F300087DC02 /* ViewModels */ = {
			isa = PBXGroup;
			children = (
				FFD8B8B724FB24B90080D500 /* MainViewModel.swift */,
			);
			path = ViewModels;
			sourceTree = "<group>";
		};
		FFC5AFAF24F99F410087DC02 /* Service */ = {
			isa = PBXGroup;
			children = (
				FFE084142826BCA600B43250 /* Endpoint */,
				FF3C8B0424FAF34E007FCFCE /* MainService.swift */,
				FFE084122826BC0500B43250 /* ApiServiceError.swift */,
			);
			path = Service;
			sourceTree = "<group>";
		};
		FFC5AFB024F99F490087DC02 /* Coordinators */ = {
			isa = PBXGroup;
			children = (
				FFCB79022828BC950004F33E /* Navigation */,
				FFC5AFBA24F9A5F60087DC02 /* Coordinator.swift */,
				FFC5AFC024FAE9E50087DC02 /* ApplicationCoordinator.swift */,
			);
			path = Coordinators;
			sourceTree = "<group>";
		};
		FFC5AFB124F99F6F0087DC02 /* Root */ = {
			isa = PBXGroup;
			children = (
				FFC5AF8624F99EE60087DC02 /* LaunchScreen.storyboard */,
				FFC5AF7624F99EE30087DC02 /* AppDelegate.swift */,
				FFC5AF7824F99EE30087DC02 /* SceneDelegate.swift */,
				FFC5AF8924F99EE60087DC02 /* Info.plist */,
				FFC5AF8124F99EE30087DC02 /* GOKTest.xcdatamodeld */,
			);
			path = Root;
			sourceTree = "<group>";
		};
		FFCB78F3282840100004F33E /* Cash */ = {
			isa = PBXGroup;
			children = (
				FFCB78ED282835C80004F33E /* CashView.swift */,
			);
			path = Cash;
			sourceTree = "<group>";
		};
		FFCB78F5282840390004F33E /* Produtcs */ = {
			isa = PBXGroup;
			children = (
				FFCB78F6282840480004F33E /* Section */,
				FFCB78EF282837D20004F33E /* ProductsView.swift */,
				FFCB78F8282840900004F33E /* ProductsCollectionViewCell.swift */,
			);
			path = Produtcs;
			sourceTree = "<group>";
		};
		FFCB78F6282840480004F33E /* Section */ = {
			isa = PBXGroup;
			children = (
				FFCB78F128283F460004F33E /* ProductsSection.swift */,
			);
			path = Section;
			sourceTree = "<group>";
		};
		FFCB78FF28287E320004F33E /* Detail */ = {
			isa = PBXGroup;
			children = (
				FFCB79062828C2020004F33E /* ViewModel */,
				FFCB79052828C1FC0004F33E /* View */,
			);
			path = Detail;
			sourceTree = "<group>";
		};
		FFCB79022828BC950004F33E /* Navigation */ = {
			isa = PBXGroup;
			children = (
				FFCB79032828BC9E0004F33E /* MainViewNavigationListener.swift */,
			);
			path = Navigation;
			sourceTree = "<group>";
		};
		FFCB79052828C1FC0004F33E /* View */ = {
			isa = PBXGroup;
			children = (
				FFCB790028287E450004F33E /* DetailViewController.swift */,
			);
			path = View;
			sourceTree = "<group>";
		};
		FFCB79062828C2020004F33E /* ViewModel */ = {
			isa = PBXGroup;
			children = (
				FFCB79072828C2110004F33E /* DetailViewModel.swift */,
			);
			path = ViewModel;
			sourceTree = "<group>";
		};
		FFE083EE2825ACAF00B43250 /* Protocols */ = {
			isa = PBXGroup;
			children = (
				FFE083EF2825ACC600B43250 /* CodeView.swift */,
				FFE083F92825B08600B43250 /* DescribeProtocol.swift */,
				FFE084152826BCE800B43250 /* Endpoint.swift */,
				FFE084172826BD0B00B43250 /* PrintableError.swift */,
			);
			path = Protocols;
			sourceTree = "<group>";
		};
		FFE083F32825AF7700B43250 /* Main */ = {
			isa = PBXGroup;
			children = (
				FFC5AFBC24FAE8050087DC02 /* MainViewController.swift */,
				FFE083E42825AC2300B43250 /* MainView.swift */,
			);
			path = Main;
			sourceTree = "<group>";
		};
		FFE083FD2825B33700B43250 /* SpotLight */ = {
			isa = PBXGroup;
			children = (
				FFE084072825B63700B43250 /* Section */,
				FFE083FE2825B37900B43250 /* SpotlightTableViewCell.swift */,
				FFE084002825B41C00B43250 /* SpotlightView.swift */,
			);
			path = SpotLight;
			sourceTree = "<group>";
		};
		FFE084022825B48E00B43250 /* Customviews */ = {
			isa = PBXGroup;
			children = (
				FFE084032825B4A900B43250 /* DigioCollectionView.swift */,
				FFE084052825B52E00B43250 /* DigioCollectionViewDataSource.swift */,
			);
			path = Customviews;
			sourceTree = "<group>";
		};
		FFE084072825B63700B43250 /* Section */ = {
			isa = PBXGroup;
			children = (
				FFE0840A2825B65400B43250 /* SpotlightViewSection.swift */,
				FFE0840E2825BA0500B43250 /* SpotlightCollectionViewCell.swift */,
			);
			path = Section;
			sourceTree = "<group>";
		};
		FFE084142826BCA600B43250 /* Endpoint */ = {
			isa = PBXGroup;
			children = (
				FFE084192826BD4D00B43250 /* MainEndpoint.swift */,
			);
			path = Endpoint;
			sourceTree = "<group>";
		};
/* End PBXGroup section */

/* Begin PBXNativeTarget section */
		FFB30E642828D99500FBF8B5 /* GOKUnitSpecs */ = {
			isa = PBXNativeTarget;
			buildConfigurationList = FFB30E6B2828D99500FBF8B5 /* Build configuration list for PBXNativeTarget "GOKUnitSpecs" */;
			buildPhases = (
				853A059E7973F31E1918E60B /* [CP] Check Pods Manifest.lock */,
				FFB30E612828D99500FBF8B5 /* Sources */,
				FFB30E622828D99500FBF8B5 /* Frameworks */,
				FFB30E632828D99500FBF8B5 /* Resources */,
				0274432930D945EEF0B24B7C /* [CP] Embed Pods Frameworks */,
			);
			buildRules = (
			);
			dependencies = (
				FFB30E6A2828D99500FBF8B5 /* PBXTargetDependency */,
			);
			name = GOKUnitSpecs;
			productName = GOKUnitSpecs;
			productReference = FFB30E652828D99500FBF8B5 /* GOKUnitSpecs.xctest */;
			productType = "com.apple.product-type.bundle.unit-test";
		};
		FFC5AF7224F99EE30087DC02 /* GOKTest */ = {
			isa = PBXNativeTarget;
			buildConfigurationList = FFC5AFA224F99EE70087DC02 /* Build configuration list for PBXNativeTarget "GOKTest" */;
			buildPhases = (
				58936AB9B7759A3C922AE948 /* [CP] Check Pods Manifest.lock */,
				FFC5AF6F24F99EE30087DC02 /* Sources */,
				FFC5AF7024F99EE30087DC02 /* Frameworks */,
				FFC5AF7124F99EE30087DC02 /* Resources */,
				746B8272EF4F4987F91AEF51 /* [CP] Embed Pods Frameworks */,
				FFA898FB2829B999008C77BA /* ShellScript */,
			);
			buildRules = (
			);
			dependencies = (
			);
			name = GOKTest;
			productName = GOKTest;
			productReference = FFC5AF7324F99EE30087DC02 /* GOKTest.app */;
			productType = "com.apple.product-type.application";
		};
/* End PBXNativeTarget section */

/* Begin PBXProject section */
		FFC5AF6B24F99EE30087DC02 /* Project object */ = {
			isa = PBXProject;
			attributes = {
				LastSwiftUpdateCheck = 1320;
				LastUpgradeCheck = 1200;
				TargetAttributes = {
					FFB30E642828D99500FBF8B5 = {
						CreatedOnToolsVersion = 13.2.1;
						TestTargetID = FFC5AF7224F99EE30087DC02;
					};
					FFC5AF7224F99EE30087DC02 = {
						CreatedOnToolsVersion = 12.0;
					};
				};
			};
			buildConfigurationList = FFC5AF6E24F99EE30087DC02 /* Build configuration list for PBXProject "GOKTest" */;
			compatibilityVersion = "Xcode 9.3";
			developmentRegion = en;
			hasScannedForEncodings = 0;
			knownRegions = (
				en,
				Base,
			);
			mainGroup = FFC5AF6A24F99EE30087DC02;
			productRefGroup = FFC5AF7424F99EE30087DC02 /* Products */;
			projectDirPath = "";
			projectRoot = "";
			targets = (
				FFC5AF7224F99EE30087DC02 /* GOKTest */,
				FFB30E642828D99500FBF8B5 /* GOKUnitSpecs */,
			);
		};
/* End PBXProject section */

/* Begin PBXResourcesBuildPhase section */
		FFB30E632828D99500FBF8B5 /* Resources */ = {
			isa = PBXResourcesBuildPhase;
			buildActionMask = 2147483647;
			files = (
			);
			runOnlyForDeploymentPostprocessing = 0;
		};
		FFC5AF7124F99EE30087DC02 /* Resources */ = {
			isa = PBXResourcesBuildPhase;
			buildActionMask = 2147483647;
			files = (
				FFC5AF8824F99EE60087DC02 /* LaunchScreen.storyboard in Resources */,
				FFC5AF8524F99EE60087DC02 /* Assets.xcassets in Resources */,
			);
			runOnlyForDeploymentPostprocessing = 0;
		};
/* End PBXResourcesBuildPhase section */

/* Begin PBXShellScriptBuildPhase section */
		0274432930D945EEF0B24B7C /* [CP] Embed Pods Frameworks */ = {
			isa = PBXShellScriptBuildPhase;
			buildActionMask = 2147483647;
			files = (
			);
			inputFileListPaths = (
				"${PODS_ROOT}/Target Support Files/Pods-GOKUnitSpecs/Pods-GOKUnitSpecs-frameworks-${CONFIGURATION}-input-files.xcfilelist",
			);
			name = "[CP] Embed Pods Frameworks";
			outputFileListPaths = (
				"${PODS_ROOT}/Target Support Files/Pods-GOKUnitSpecs/Pods-GOKUnitSpecs-frameworks-${CONFIGURATION}-output-files.xcfilelist",
			);
			runOnlyForDeploymentPostprocessing = 0;
			shellPath = /bin/sh;
			shellScript = "\"${PODS_ROOT}/Target Support Files/Pods-GOKUnitSpecs/Pods-GOKUnitSpecs-frameworks.sh\"\n";
			showEnvVarsInLog = 0;
		};
		58936AB9B7759A3C922AE948 /* [CP] Check Pods Manifest.lock */ = {
			isa = PBXShellScriptBuildPhase;
			buildActionMask = 2147483647;
			files = (
			);
			inputFileListPaths = (
			);
			inputPaths = (
				"${PODS_PODFILE_DIR_PATH}/Podfile.lock",
				"${PODS_ROOT}/Manifest.lock",
			);
			name = "[CP] Check Pods Manifest.lock";
			outputFileListPaths = (
			);
			outputPaths = (
				"$(DERIVED_FILE_DIR)/Pods-GOKTest-checkManifestLockResult.txt",
			);
			runOnlyForDeploymentPostprocessing = 0;
			shellPath = /bin/sh;
			shellScript = "diff \"${PODS_PODFILE_DIR_PATH}/Podfile.lock\" \"${PODS_ROOT}/Manifest.lock\" > /dev/null\nif [ $? != 0 ] ; then\n    # print error to STDERR\n    echo \"error: The sandbox is not in sync with the Podfile.lock. Run 'pod install' or update your CocoaPods installation.\" >&2\n    exit 1\nfi\n# This output is used by Xcode 'outputs' to avoid re-running this script phase.\necho \"SUCCESS\" > \"${SCRIPT_OUTPUT_FILE_0}\"\n";
			showEnvVarsInLog = 0;
		};
		746B8272EF4F4987F91AEF51 /* [CP] Embed Pods Frameworks */ = {
			isa = PBXShellScriptBuildPhase;
			buildActionMask = 2147483647;
			files = (
			);
			inputFileListPaths = (
				"${PODS_ROOT}/Target Support Files/Pods-GOKTest/Pods-GOKTest-frameworks-${CONFIGURATION}-input-files.xcfilelist",
			);
			name = "[CP] Embed Pods Frameworks";
			outputFileListPaths = (
				"${PODS_ROOT}/Target Support Files/Pods-GOKTest/Pods-GOKTest-frameworks-${CONFIGURATION}-output-files.xcfilelist",
			);
			runOnlyForDeploymentPostprocessing = 0;
			shellPath = /bin/sh;
			shellScript = "\"${PODS_ROOT}/Target Support Files/Pods-GOKTest/Pods-GOKTest-frameworks.sh\"\n";
			showEnvVarsInLog = 0;
		};
		853A059E7973F31E1918E60B /* [CP] Check Pods Manifest.lock */ = {
			isa = PBXShellScriptBuildPhase;
			buildActionMask = 2147483647;
			files = (
			);
			inputFileListPaths = (
			);
			inputPaths = (
				"${PODS_PODFILE_DIR_PATH}/Podfile.lock",
				"${PODS_ROOT}/Manifest.lock",
			);
			name = "[CP] Check Pods Manifest.lock";
			outputFileListPaths = (
			);
			outputPaths = (
				"$(DERIVED_FILE_DIR)/Pods-GOKUnitSpecs-checkManifestLockResult.txt",
			);
			runOnlyForDeploymentPostprocessing = 0;
			shellPath = /bin/sh;
			shellScript = "diff \"${PODS_PODFILE_DIR_PATH}/Podfile.lock\" \"${PODS_ROOT}/Manifest.lock\" > /dev/null\nif [ $? != 0 ] ; then\n    # print error to STDERR\n    echo \"error: The sandbox is not in sync with the Podfile.lock. Run 'pod install' or update your CocoaPods installation.\" >&2\n    exit 1\nfi\n# This output is used by Xcode 'outputs' to avoid re-running this script phase.\necho \"SUCCESS\" > \"${SCRIPT_OUTPUT_FILE_0}\"\n";
			showEnvVarsInLog = 0;
		};
		FFA898FB2829B999008C77BA /* ShellScript */ = {
			isa = PBXShellScriptBuildPhase;
			buildActionMask = 2147483647;
			files = (
			);
			inputFileListPaths = (
			);
			inputPaths = (
			);
			outputFileListPaths = (
			);
			outputPaths = (
			);
			runOnlyForDeploymentPostprocessing = 0;
			shellPath = /bin/sh;
			shellScript = "# Type a script or drag a script file from your workspace to insert its path.\nif which swiftlint >/dev/null; then\n  swiftlint\nelse\n  echo \"warning: SwiftLint not installed, download from https://github.com/realm/SwiftLint\"\nfi\n";
		};
/* End PBXShellScriptBuildPhase section */

/* Begin PBXSourcesBuildPhase section */
		FFB30E612828D99500FBF8B5 /* Sources */ = {
			isa = PBXSourcesBuildPhase;
			buildActionMask = 2147483647;
			files = (
				FF414D272829495E006E6434 /* MainServiceMock.swift in Sources */,
				FF414D492829954E006E6434 /* SpotlightSectionDelegateMock.swift in Sources */,
				FFB30E682828D99500FBF8B5 /* GOKUnitSpecs.swift in Sources */,
				FF414D2D28294F0F006E6434 /* Spotlight+Mock.swift in Sources */,
				FF414D4728298D14006E6434 /* SpotlightSectionSpec.swift in Sources */,
				FFC11A262828DBEB00CF8F14 /* MainViewModelMock.swift in Sources */,
				FF414D4228298991006E6434 /* DetailViewModelSpec.swift in Sources */,
				FF414D1F2829441E006E6434 /* DigioModelMock.swift in Sources */,
				FF414D33282951E3006E6434 /* Product+Mock.swift in Sources */,
				FF414D3B28297261006E6434 /* DetailViewControllerSpec.swift in Sources */,
				FF414D2F28294FF8006E6434 /* MainNavigationListenerMock.swift in Sources */,
				FF414D552829B1CC006E6434 /* ProductsSectionDelegateMock.swift in Sources */,
				FF414D3F2829742E006E6434 /* DetailViewModelMock.swift in Sources */,
				FF414D25282948E5006E6434 /* MainViewModelSpec.swift in Sources */,
				FF414D532829B181006E6434 /* ProductsSectionSpec.swift in Sources */,
				FF414D2B28294C57006E6434 /* MainViewControllerMock.swift in Sources */,
				FF414D4428298AC5006E6434 /* DetailViewControllerMock.swift in Sources */,
				FF414D3128295174006E6434 /* Cash+Mock.swift in Sources */,
				FF3741792828E0E900E5DFA6 /* MainViewControllerSpec.swift in Sources */,
			);
			runOnlyForDeploymentPostprocessing = 0;
		};
		FFC5AF6F24F99EE30087DC02 /* Sources */ = {
			isa = PBXSourcesBuildPhase;
			buildActionMask = 2147483647;
			files = (
				FFE083FF2825B37900B43250 /* SpotlightTableViewCell.swift in Sources */,
				FFCB78F228283F460004F33E /* ProductsSection.swift in Sources */,
				FF3C8B0524FAF34E007FCFCE /* MainService.swift in Sources */,
				FFC5AFB324F99FA90087DC02 /* Spotlight.swift in Sources */,
				FFCB78EE282835C80004F33E /* CashView.swift in Sources */,
				FFC5AF8324F99EE30087DC02 /* GOKTest.xcdatamodeld in Sources */,
				FFE084132826BC0500B43250 /* ApiServiceError.swift in Sources */,
				FFE084042825B4A900B43250 /* DigioCollectionView.swift in Sources */,
				FFE084012825B41C00B43250 /* SpotlightView.swift in Sources */,
				FFCB78EA282799670004F33E /* UILabel+Extension.swift in Sources */,
				FFCB790128287E450004F33E /* DetailViewController.swift in Sources */,
				FFCB78FE28285C5C0004F33E /* UIView+Shadow.swift in Sources */,
				FFCB79082828C2110004F33E /* DetailViewModel.swift in Sources */,
				FFE083FC2825B11700B43250 /* NSObject+DescribeProtocol.swift in Sources */,
				FFE084182826BD0B00B43250 /* PrintableError.swift in Sources */,
				FFE0840F2825BA0500B43250 /* SpotlightCollectionViewCell.swift in Sources */,
				FFC5AFB724F9A09C0087DC02 /* Cash.swift in Sources */,
				FFCB78F0282837D20004F33E /* ProductsView.swift in Sources */,
				FFC5AF7724F99EE30087DC02 /* AppDelegate.swift in Sources */,
				FFE0840B2825B65400B43250 /* SpotlightViewSection.swift in Sources */,
				FFD8B8B824FB24B90080D500 /* MainViewModel.swift in Sources */,
				FFC5AFB924F9A0B10087DC02 /* Products.swift in Sources */,
				FFC5AFB524F9A0910087DC02 /* DigioModel.swift in Sources */,
				FFE0841A2826BD4D00B43250 /* MainEndpoint.swift in Sources */,
				FFCB79042828BC9E0004F33E /* MainViewNavigationListener.swift in Sources */,
				FFE083F02825ACC600B43250 /* CodeView.swift in Sources */,
				FFC5AF7924F99EE30087DC02 /* SceneDelegate.swift in Sources */,
				FFE0840D2825B75600B43250 /* UICollectionView+Extension.swift in Sources */,
				FFE083FA2825B08600B43250 /* DescribeProtocol.swift in Sources */,
				FFE083E52825AC2300B43250 /* MainView.swift in Sources */,
				FFCB78FC282848F40004F33E /* UIStackView+Extension.swift in Sources */,
				FF414D3628295320006E6434 /* RetryView.swift in Sources */,
				FFE084112825BB1500B43250 /* UIImageView+Extension.swift in Sources */,
				FF1A94FD250024A300E8E680 /* UIView+Extension.swift in Sources */,
				FFCB78E828278CE90004F33E /* UIImageView+KingFisher.swift in Sources */,
				FFC5AFBB24F9A5F60087DC02 /* Coordinator.swift in Sources */,
				FFCB78EC282799B80004F33E /* UIImage+Extension.swift in Sources */,
				FFE083F22825AD0C00B43250 /* UIView+Constraints.swift in Sources */,
				FFC5AFBE24FAE8050087DC02 /* MainViewController.swift in Sources */,
				FF414D382829544F006E6434 /* UIButton+Extension.swift in Sources */,
				FFE084062825B52E00B43250 /* DigioCollectionViewDataSource.swift in Sources */,
				FFE084162826BCE800B43250 /* Endpoint.swift in Sources */,
				FFCB78F9282840900004F33E /* ProductsCollectionViewCell.swift in Sources */,
				FFC5AFC124FAE9E50087DC02 /* ApplicationCoordinator.swift in Sources */,
			);
			runOnlyForDeploymentPostprocessing = 0;
		};
/* End PBXSourcesBuildPhase section */

/* Begin PBXTargetDependency section */
		FFB30E6A2828D99500FBF8B5 /* PBXTargetDependency */ = {
			isa = PBXTargetDependency;
			target = FFC5AF7224F99EE30087DC02 /* GOKTest */;
			targetProxy = FFB30E692828D99500FBF8B5 /* PBXContainerItemProxy */;
		};
/* End PBXTargetDependency section */

/* Begin PBXVariantGroup section */
		FFC5AF8624F99EE60087DC02 /* LaunchScreen.storyboard */ = {
			isa = PBXVariantGroup;
			children = (
				FFC5AF8724F99EE60087DC02 /* Base */,
			);
			name = LaunchScreen.storyboard;
			sourceTree = "<group>";
		};
/* End PBXVariantGroup section */

/* Begin XCBuildConfiguration section */
		FFB30E6C2828D99500FBF8B5 /* Debug */ = {
			isa = XCBuildConfiguration;
			baseConfigurationReference = 0219918CFB89C4A69B07CFE0 /* Pods-GOKUnitSpecs.debug.xcconfig */;
			buildSettings = {
				BUNDLE_LOADER = "$(TEST_HOST)";
				CLANG_CXX_LANGUAGE_STANDARD = "gnu++17";
				CODE_SIGN_STYLE = Automatic;
				CURRENT_PROJECT_VERSION = 1;
				DEVELOPMENT_TEAM = 94FPCH4ZZA;
				GENERATE_INFOPLIST_FILE = YES;
				IPHONEOS_DEPLOYMENT_TARGET = 15.2;
				MARKETING_VERSION = 1.0;
				PRODUCT_BUNDLE_IDENTIFIER = danilorequena.GOKUnitSpecs;
				PRODUCT_NAME = "$(TARGET_NAME)";
				SWIFT_EMIT_LOC_STRINGS = NO;
				SWIFT_VERSION = 5.0;
				TARGETED_DEVICE_FAMILY = "1,2";
				TEST_HOST = "$(BUILT_PRODUCTS_DIR)/GOKTest.app/GOKTest";
			};
			name = Debug;
		};
		FFB30E6D2828D99500FBF8B5 /* Release */ = {
			isa = XCBuildConfiguration;
			baseConfigurationReference = A33CC2CF5B9D69176FF7344F /* Pods-GOKUnitSpecs.release.xcconfig */;
			buildSettings = {
				BUNDLE_LOADER = "$(TEST_HOST)";
				CLANG_CXX_LANGUAGE_STANDARD = "gnu++17";
				CODE_SIGN_STYLE = Automatic;
				CURRENT_PROJECT_VERSION = 1;
				DEVELOPMENT_TEAM = 94FPCH4ZZA;
				GENERATE_INFOPLIST_FILE = YES;
				IPHONEOS_DEPLOYMENT_TARGET = 15.2;
				MARKETING_VERSION = 1.0;
				PRODUCT_BUNDLE_IDENTIFIER = danilorequena.GOKUnitSpecs;
				PRODUCT_NAME = "$(TARGET_NAME)";
				SWIFT_EMIT_LOC_STRINGS = NO;
				SWIFT_VERSION = 5.0;
				TARGETED_DEVICE_FAMILY = "1,2";
				TEST_HOST = "$(BUILT_PRODUCTS_DIR)/GOKTest.app/GOKTest";
			};
			name = Release;
		};
		FFC5AFA024F99EE70087DC02 /* Debug */ = {
			isa = XCBuildConfiguration;
			buildSettings = {
				ALWAYS_SEARCH_USER_PATHS = NO;
				CLANG_ANALYZER_NONNULL = YES;
				CLANG_ANALYZER_NUMBER_OBJECT_CONVERSION = YES_AGGRESSIVE;
				CLANG_CXX_LANGUAGE_STANDARD = "gnu++14";
				CLANG_CXX_LIBRARY = "libc++";
				CLANG_ENABLE_MODULES = YES;
				CLANG_ENABLE_OBJC_ARC = YES;
				CLANG_ENABLE_OBJC_WEAK = YES;
				CLANG_WARN_BLOCK_CAPTURE_AUTORELEASING = YES;
				CLANG_WARN_BOOL_CONVERSION = YES;
				CLANG_WARN_COMMA = YES;
				CLANG_WARN_CONSTANT_CONVERSION = YES;
				CLANG_WARN_DEPRECATED_OBJC_IMPLEMENTATIONS = YES;
				CLANG_WARN_DIRECT_OBJC_ISA_USAGE = YES_ERROR;
				CLANG_WARN_DOCUMENTATION_COMMENTS = YES;
				CLANG_WARN_EMPTY_BODY = YES;
				CLANG_WARN_ENUM_CONVERSION = YES;
				CLANG_WARN_INFINITE_RECURSION = YES;
				CLANG_WARN_INT_CONVERSION = YES;
				CLANG_WARN_NON_LITERAL_NULL_CONVERSION = YES;
				CLANG_WARN_OBJC_IMPLICIT_RETAIN_SELF = YES;
				CLANG_WARN_OBJC_LITERAL_CONVERSION = YES;
				CLANG_WARN_OBJC_ROOT_CLASS = YES_ERROR;
				CLANG_WARN_QUOTED_INCLUDE_IN_FRAMEWORK_HEADER = YES;
				CLANG_WARN_RANGE_LOOP_ANALYSIS = YES;
				CLANG_WARN_STRICT_PROTOTYPES = YES;
				CLANG_WARN_SUSPICIOUS_MOVE = YES;
				CLANG_WARN_UNGUARDED_AVAILABILITY = YES_AGGRESSIVE;
				CLANG_WARN_UNREACHABLE_CODE = YES;
				CLANG_WARN__DUPLICATE_METHOD_MATCH = YES;
				COPY_PHASE_STRIP = NO;
				DEBUG_INFORMATION_FORMAT = dwarf;
				ENABLE_STRICT_OBJC_MSGSEND = YES;
				ENABLE_TESTABILITY = YES;
				GCC_C_LANGUAGE_STANDARD = gnu11;
				GCC_DYNAMIC_NO_PIC = NO;
				GCC_NO_COMMON_BLOCKS = YES;
				GCC_OPTIMIZATION_LEVEL = 0;
				GCC_PREPROCESSOR_DEFINITIONS = (
					"DEBUG=1",
					"$(inherited)",
				);
				GCC_WARN_64_TO_32_BIT_CONVERSION = YES;
				GCC_WARN_ABOUT_RETURN_TYPE = YES_ERROR;
				GCC_WARN_UNDECLARED_SELECTOR = YES;
				GCC_WARN_UNINITIALIZED_AUTOS = YES_AGGRESSIVE;
				GCC_WARN_UNUSED_FUNCTION = YES;
				GCC_WARN_UNUSED_VARIABLE = YES;
				IPHONEOS_DEPLOYMENT_TARGET = 12.0;
				MTL_ENABLE_DEBUG_INFO = INCLUDE_SOURCE;
				MTL_FAST_MATH = YES;
				ONLY_ACTIVE_ARCH = YES;
				SDKROOT = iphoneos;
				SWIFT_ACTIVE_COMPILATION_CONDITIONS = DEBUG;
				SWIFT_OPTIMIZATION_LEVEL = "-Onone";
			};
			name = Debug;
		};
		FFC5AFA124F99EE70087DC02 /* Release */ = {
			isa = XCBuildConfiguration;
			buildSettings = {
				ALWAYS_SEARCH_USER_PATHS = NO;
				CLANG_ANALYZER_NONNULL = YES;
				CLANG_ANALYZER_NUMBER_OBJECT_CONVERSION = YES_AGGRESSIVE;
				CLANG_CXX_LANGUAGE_STANDARD = "gnu++14";
				CLANG_CXX_LIBRARY = "libc++";
				CLANG_ENABLE_MODULES = YES;
				CLANG_ENABLE_OBJC_ARC = YES;
				CLANG_ENABLE_OBJC_WEAK = YES;
				CLANG_WARN_BLOCK_CAPTURE_AUTORELEASING = YES;
				CLANG_WARN_BOOL_CONVERSION = YES;
				CLANG_WARN_COMMA = YES;
				CLANG_WARN_CONSTANT_CONVERSION = YES;
				CLANG_WARN_DEPRECATED_OBJC_IMPLEMENTATIONS = YES;
				CLANG_WARN_DIRECT_OBJC_ISA_USAGE = YES_ERROR;
				CLANG_WARN_DOCUMENTATION_COMMENTS = YES;
				CLANG_WARN_EMPTY_BODY = YES;
				CLANG_WARN_ENUM_CONVERSION = YES;
				CLANG_WARN_INFINITE_RECURSION = YES;
				CLANG_WARN_INT_CONVERSION = YES;
				CLANG_WARN_NON_LITERAL_NULL_CONVERSION = YES;
				CLANG_WARN_OBJC_IMPLICIT_RETAIN_SELF = YES;
				CLANG_WARN_OBJC_LITERAL_CONVERSION = YES;
				CLANG_WARN_OBJC_ROOT_CLASS = YES_ERROR;
				CLANG_WARN_QUOTED_INCLUDE_IN_FRAMEWORK_HEADER = YES;
				CLANG_WARN_RANGE_LOOP_ANALYSIS = YES;
				CLANG_WARN_STRICT_PROTOTYPES = YES;
				CLANG_WARN_SUSPICIOUS_MOVE = YES;
				CLANG_WARN_UNGUARDED_AVAILABILITY = YES_AGGRESSIVE;
				CLANG_WARN_UNREACHABLE_CODE = YES;
				CLANG_WARN__DUPLICATE_METHOD_MATCH = YES;
				COPY_PHASE_STRIP = NO;
				DEBUG_INFORMATION_FORMAT = "dwarf-with-dsym";
				ENABLE_NS_ASSERTIONS = NO;
				ENABLE_STRICT_OBJC_MSGSEND = YES;
				GCC_C_LANGUAGE_STANDARD = gnu11;
				GCC_NO_COMMON_BLOCKS = YES;
				GCC_WARN_64_TO_32_BIT_CONVERSION = YES;
				GCC_WARN_ABOUT_RETURN_TYPE = YES_ERROR;
				GCC_WARN_UNDECLARED_SELECTOR = YES;
				GCC_WARN_UNINITIALIZED_AUTOS = YES_AGGRESSIVE;
				GCC_WARN_UNUSED_FUNCTION = YES;
				GCC_WARN_UNUSED_VARIABLE = YES;
				IPHONEOS_DEPLOYMENT_TARGET = 12.0;
				MTL_ENABLE_DEBUG_INFO = NO;
				MTL_FAST_MATH = YES;
				SDKROOT = iphoneos;
				SWIFT_COMPILATION_MODE = wholemodule;
				SWIFT_OPTIMIZATION_LEVEL = "-O";
				VALIDATE_PRODUCT = YES;
			};
			name = Release;
		};
		FFC5AFA324F99EE70087DC02 /* Debug */ = {
			isa = XCBuildConfiguration;
			baseConfigurationReference = 2C767CABB1F9CA01E8F283A4 /* Pods-GOKTest.debug.xcconfig */;
			buildSettings = {
				ASSETCATALOG_COMPILER_APPICON_NAME = AppIcon;
				ASSETCATALOG_COMPILER_GLOBAL_ACCENT_COLOR_NAME = AccentColor;
				CODE_SIGN_STYLE = Automatic;
				DEVELOPMENT_TEAM = SM9KCJGMUP;
				FRAMEWORK_SEARCH_PATHS = (
					"$(inherited)",
					"\"${PODS_CONFIGURATION_BUILD_DIR}/Kingfisher\"",
					"\"${PODS_CONFIGURATION_BUILD_DIR}/Quick\"",
					"\"${PODS_CONFIGURATION_BUILD_DIR}/Nimble\"",
					"$(PROJECT_DIR)",
					"-lswiftXCTest",
				);
				INFOPLIST_FILE = "$(SRCROOT)/GOKTest/Root/Info.plist";
				IPHONEOS_DEPLOYMENT_TARGET = 12.0;
				LD_RUNPATH_SEARCH_PATHS = (
					"$(inherited)",
					"@executable_path/Frameworks",
				);
				LIBRARY_SEARCH_PATHS = "$(inherited)";
				PRODUCT_BUNDLE_IDENTIFIER = dobigaster.GOKTest;
				PRODUCT_NAME = "$(TARGET_NAME)";
				SWIFT_VERSION = 5.0;
				TARGETED_DEVICE_FAMILY = 1;
			};
			name = Debug;
		};
		FFC5AFA424F99EE70087DC02 /* Release */ = {
			isa = XCBuildConfiguration;
			baseConfigurationReference = 637278298A9B10714C47DB84 /* Pods-GOKTest.release.xcconfig */;
			buildSettings = {
				ASSETCATALOG_COMPILER_APPICON_NAME = AppIcon;
				ASSETCATALOG_COMPILER_GLOBAL_ACCENT_COLOR_NAME = AccentColor;
				CODE_SIGN_STYLE = Automatic;
				DEVELOPMENT_TEAM = SM9KCJGMUP;
				FRAMEWORK_SEARCH_PATHS = (
					"$(inherited)",
					"\"${PODS_CONFIGURATION_BUILD_DIR}/Kingfisher\"",
					"$(PROJECT_DIR)",
					"-lswiftXCTest",
				);
				INFOPLIST_FILE = "$(SRCROOT)/GOKTest/Root/Info.plist";
				IPHONEOS_DEPLOYMENT_TARGET = 12.0;
				LD_RUNPATH_SEARCH_PATHS = (
					"$(inherited)",
					"@executable_path/Frameworks",
				);
				LIBRARY_SEARCH_PATHS = "$(inherited)";
				PRODUCT_BUNDLE_IDENTIFIER = dobigaster.GOKTest;
				PRODUCT_NAME = "$(TARGET_NAME)";
				SWIFT_VERSION = 5.0;
				TARGETED_DEVICE_FAMILY = 1;
			};
			name = Release;
		};
/* End XCBuildConfiguration section */

/* Begin XCConfigurationList section */
		FFB30E6B2828D99500FBF8B5 /* Build configuration list for PBXNativeTarget "GOKUnitSpecs" */ = {
			isa = XCConfigurationList;
			buildConfigurations = (
				FFB30E6C2828D99500FBF8B5 /* Debug */,
				FFB30E6D2828D99500FBF8B5 /* Release */,
			);
			defaultConfigurationIsVisible = 0;
			defaultConfigurationName = Release;
		};
		FFC5AF6E24F99EE30087DC02 /* Build configuration list for PBXProject "GOKTest" */ = {
			isa = XCConfigurationList;
			buildConfigurations = (
				FFC5AFA024F99EE70087DC02 /* Debug */,
				FFC5AFA124F99EE70087DC02 /* Release */,
			);
			defaultConfigurationIsVisible = 0;
			defaultConfigurationName = Release;
		};
		FFC5AFA224F99EE70087DC02 /* Build configuration list for PBXNativeTarget "GOKTest" */ = {
			isa = XCConfigurationList;
			buildConfigurations = (
				FFC5AFA324F99EE70087DC02 /* Debug */,
				FFC5AFA424F99EE70087DC02 /* Release */,
			);
			defaultConfigurationIsVisible = 0;
			defaultConfigurationName = Release;
		};
/* End XCConfigurationList section */

/* Begin XCVersionGroup section */
		FFC5AF8124F99EE30087DC02 /* GOKTest.xcdatamodeld */ = {
			isa = XCVersionGroup;
			children = (
				FFC5AF8224F99EE30087DC02 /* GOKTest.xcdatamodel */,
			);
			currentVersion = FFC5AF8224F99EE30087DC02 /* GOKTest.xcdatamodel */;
			path = GOKTest.xcdatamodeld;
			sourceTree = "<group>";
			versionGroupType = wrapper.xcdatamodel;
		};
/* End XCVersionGroup section */
	};
	rootObject = FFC5AF6B24F99EE30087DC02 /* Project object */;
}
